// !$*UTF8*$!
{
	archiveVersion = 1;
	classes = {
	};
	objectVersion = 56;
	objects = {

/* Begin PBXBuildFile section */
		960A59082A6ED155000BE611 /* MRT.swift in Sources */ = {isa = PBXBuildFile; fileRef = 960A59072A6ED155000BE611 /* MRT.swift */; };
		960A59102A6ED706000BE611 /* Localizable.strings in Resources */ = {isa = PBXBuildFile; fileRef = 960A59122A6ED706000BE611 /* Localizable.strings */; };
		960A59152A6EDCE2000BE611 /* ScheduleView.swift in Sources */ = {isa = PBXBuildFile; fileRef = 960A59142A6EDCE2000BE611 /* ScheduleView.swift */; };
		960A86FD2A6D8B4A006874E5 /* Button+SelectedButtonStyle.swift in Sources */ = {isa = PBXBuildFile; fileRef = 960A86FC2A6D8B4A006874E5 /* Button+SelectedButtonStyle.swift */; };
		960A87022A6D8C3C006874E5 /* NotifyWhenNearMRTStationWhenInBackground.swift in Sources */ = {isa = PBXBuildFile; fileRef = 960A87012A6D8C3C006874E5 /* NotifyWhenNearMRTStationWhenInBackground.swift */; };
		960A87042A6D8E48006874E5 /* NotifyWhenNearMRTStationWithBluetooth.swift in Sources */ = {isa = PBXBuildFile; fileRef = 960A87032A6D8E48006874E5 /* NotifyWhenNearMRTStationWithBluetooth.swift */; };
		960A87072A6D8E88006874E5 /* Station.swift in Sources */ = {isa = PBXBuildFile; fileRef = 960A87062A6D8E88006874E5 /* Station.swift */; };
		960A87092A6D8F0A006874E5 /* NotifyWhenNearMRTStationWithGPS.swift in Sources */ = {isa = PBXBuildFile; fileRef = 960A87082A6D8F0A006874E5 /* NotifyWhenNearMRTStationWithGPS.swift */; };
		960A87142A6D9147006874E5 /* NotifyWhenNearMRTStationOnce.swift in Sources */ = {isa = PBXBuildFile; fileRef = 960A87132A6D9147006874E5 /* NotifyWhenNearMRTStationOnce.swift */; };
		960A87192A6D9463006874E5 /* NotifyWhenNearMRTStationAndSpecificMRTStationOnce.swift in Sources */ = {isa = PBXBuildFile; fileRef = 960A87182A6D9463006874E5 /* NotifyWhenNearMRTStationAndSpecificMRTStationOnce.swift */; };
		960A871C2A6D967E006874E5 /* BeaconFinder.swift in Sources */ = {isa = PBXBuildFile; fileRef = 960A871B2A6D967E006874E5 /* BeaconFinder.swift */; };
		960A871E2A6D972A006874E5 /* BeaconBroadcaster.swift in Sources */ = {isa = PBXBuildFile; fileRef = 960A871D2A6D972A006874E5 /* BeaconBroadcaster.swift */; };
		960A87222A6D9838006874E5 /* LocationFinder.swift in Sources */ = {isa = PBXBuildFile; fileRef = 960A87212A6D9838006874E5 /* LocationFinder.swift */; };
		960A87252A6D9959006874E5 /* NotificationManager.swift in Sources */ = {isa = PBXBuildFile; fileRef = 960A87242A6D9959006874E5 /* NotificationManager.swift */; };
		960A87272A6D9C70006874E5 /* NotificationManagerImpl.swift in Sources */ = {isa = PBXBuildFile; fileRef = 960A87262A6D9C70006874E5 /* NotificationManagerImpl.swift */; };
		960A87292A6D9C7A006874E5 /* NotificationManagerImpl+Authorization.swift in Sources */ = {isa = PBXBuildFile; fileRef = 960A87282A6D9C7A006874E5 /* NotificationManagerImpl+Authorization.swift */; };
		960A872B2A6D9CAE006874E5 /* LocationFinderImpl.swift in Sources */ = {isa = PBXBuildFile; fileRef = 960A872A2A6D9CAE006874E5 /* LocationFinderImpl.swift */; };
		960A872D2A6D9CBC006874E5 /* BeaconBroadcasterImpl.swift in Sources */ = {isa = PBXBuildFile; fileRef = 960A872C2A6D9CBC006874E5 /* BeaconBroadcasterImpl.swift */; };
		960A872F2A6D9CFB006874E5 /* BeaconFinderImpl.swift in Sources */ = {isa = PBXBuildFile; fileRef = 960A872E2A6D9CFB006874E5 /* BeaconFinderImpl.swift */; };
		960A87312A6D9D8B006874E5 /* NotifyWhenNearMRTStationWithGPSImpl.swift in Sources */ = {isa = PBXBuildFile; fileRef = 960A87302A6D9D8B006874E5 /* NotifyWhenNearMRTStationWithGPSImpl.swift */; };
		960A87342A6D9DB6006874E5 /* NotifyWhenNearMRTStationWithBluetoothImpl.swift in Sources */ = {isa = PBXBuildFile; fileRef = 960A87332A6D9DB6006874E5 /* NotifyWhenNearMRTStationWithBluetoothImpl.swift */; };
		960A87362A6D9DEE006874E5 /* NotifyWhenNearMRTStationAndSpecificMRTStationOnceImpl.swift in Sources */ = {isa = PBXBuildFile; fileRef = 960A87352A6D9DEE006874E5 /* NotifyWhenNearMRTStationAndSpecificMRTStationOnceImpl.swift */; };
		960A87382A6D9E05006874E5 /* NotifyWhenNearMRTStationOnceImpl.swift in Sources */ = {isa = PBXBuildFile; fileRef = 960A87372A6D9E05006874E5 /* NotifyWhenNearMRTStationOnceImpl.swift */; };
		960A873A2A6D9E1E006874E5 /* NotifyWhenNearMRTStationWhenInBackgroundImpl.swift in Sources */ = {isa = PBXBuildFile; fileRef = 960A87392A6D9E1E006874E5 /* NotifyWhenNearMRTStationWhenInBackgroundImpl.swift */; };
		960A873D2A6D9E97006874E5 /* AlarmManager.swift in Sources */ = {isa = PBXBuildFile; fileRef = 960A873C2A6D9E97006874E5 /* AlarmManager.swift */; };
		960A873F2A6D9EB5006874E5 /* AlarmManagerImpl.swift in Sources */ = {isa = PBXBuildFile; fileRef = 960A873E2A6D9EB5006874E5 /* AlarmManagerImpl.swift */; };
		960A87442A6D9F2A006874E5 /* MRTTrainSchedule.swift in Sources */ = {isa = PBXBuildFile; fileRef = 960A87432A6D9F2A006874E5 /* MRTTrainSchedule.swift */; };
		960A87462A6D9F7A006874E5 /* Train.swift in Sources */ = {isa = PBXBuildFile; fileRef = 960A87452A6D9F7A006874E5 /* Train.swift */; };
		960A87482A6DA043006874E5 /* MRTTrainScheduleImpl.swift in Sources */ = {isa = PBXBuildFile; fileRef = 960A87472A6DA043006874E5 /* MRTTrainScheduleImpl.swift */; };
		960A874F2A6DA67E006874E5 /* AlarmView.swift in Sources */ = {isa = PBXBuildFile; fileRef = 960A874E2A6DA67E006874E5 /* AlarmView.swift */; };
		960A87562A6E4D89006874E5 /* ChevronView.swift in Sources */ = {isa = PBXBuildFile; fileRef = 960A87552A6E4D89006874E5 /* ChevronView.swift */; };
		9691D44A2A6D77E800EE843C /* ProtocolExampleApp.swift in Sources */ = {isa = PBXBuildFile; fileRef = 9691D4492A6D77E800EE843C /* ProtocolExampleApp.swift */; };
		9691D44C2A6D77E800EE843C /* ContentView.swift in Sources */ = {isa = PBXBuildFile; fileRef = 9691D44B2A6D77E800EE843C /* ContentView.swift */; };
		9691D44E2A6D77E900EE843C /* Assets.xcassets in Resources */ = {isa = PBXBuildFile; fileRef = 9691D44D2A6D77E900EE843C /* Assets.xcassets */; };
		9691D4512A6D77E900EE843C /* Preview Assets.xcassets in Resources */ = {isa = PBXBuildFile; fileRef = 9691D4502A6D77E900EE843C /* Preview Assets.xcassets */; };
		9691D45C2A6D781200EE843C /* DepartureArrivalView.swift in Sources */ = {isa = PBXBuildFile; fileRef = 9691D45B2A6D781200EE843C /* DepartureArrivalView.swift */; };
/* End PBXBuildFile section */

/* Begin PBXFileReference section */
		960A59062A6EA9FD000BE611 /* README.md */ = {isa = PBXFileReference; lastKnownFileType = net.daringfireball.markdown; path = README.md; sourceTree = "<group>"; };
		960A59072A6ED155000BE611 /* MRT.swift */ = {isa = PBXFileReference; lastKnownFileType = sourcecode.swift; path = MRT.swift; sourceTree = "<group>"; };
		960A59132A6ED731000BE611 /* id */ = {isa = PBXFileReference; lastKnownFileType = text.plist.strings; name = id; path = id.lproj/Localizable.strings; sourceTree = "<group>"; };
		960A59142A6EDCE2000BE611 /* ScheduleView.swift */ = {isa = PBXFileReference; lastKnownFileType = sourcecode.swift; path = ScheduleView.swift; sourceTree = "<group>"; };
		960A86FC2A6D8B4A006874E5 /* Button+SelectedButtonStyle.swift */ = {isa = PBXFileReference; lastKnownFileType = sourcecode.swift; path = "Button+SelectedButtonStyle.swift"; sourceTree = "<group>"; };
		960A87012A6D8C3C006874E5 /* NotifyWhenNearMRTStationWhenInBackground.swift */ = {isa = PBXFileReference; lastKnownFileType = sourcecode.swift; path = NotifyWhenNearMRTStationWhenInBackground.swift; sourceTree = "<group>"; };
		960A87032A6D8E48006874E5 /* NotifyWhenNearMRTStationWithBluetooth.swift */ = {isa = PBXFileReference; lastKnownFileType = sourcecode.swift; path = NotifyWhenNearMRTStationWithBluetooth.swift; sourceTree = "<group>"; };
		960A87062A6D8E88006874E5 /* Station.swift */ = {isa = PBXFileReference; lastKnownFileType = sourcecode.swift; path = Station.swift; sourceTree = "<group>"; };
		960A87082A6D8F0A006874E5 /* NotifyWhenNearMRTStationWithGPS.swift */ = {isa = PBXFileReference; lastKnownFileType = sourcecode.swift; path = NotifyWhenNearMRTStationWithGPS.swift; sourceTree = "<group>"; };
		960A87132A6D9147006874E5 /* NotifyWhenNearMRTStationOnce.swift */ = {isa = PBXFileReference; lastKnownFileType = sourcecode.swift; path = NotifyWhenNearMRTStationOnce.swift; sourceTree = "<group>"; };
		960A87182A6D9463006874E5 /* NotifyWhenNearMRTStationAndSpecificMRTStationOnce.swift */ = {isa = PBXFileReference; lastKnownFileType = sourcecode.swift; path = NotifyWhenNearMRTStationAndSpecificMRTStationOnce.swift; sourceTree = "<group>"; };
		960A871B2A6D967E006874E5 /* BeaconFinder.swift */ = {isa = PBXFileReference; lastKnownFileType = sourcecode.swift; path = BeaconFinder.swift; sourceTree = "<group>"; };
		960A871D2A6D972A006874E5 /* BeaconBroadcaster.swift */ = {isa = PBXFileReference; lastKnownFileType = sourcecode.swift; path = BeaconBroadcaster.swift; sourceTree = "<group>"; };
		960A87212A6D9838006874E5 /* LocationFinder.swift */ = {isa = PBXFileReference; lastKnownFileType = sourcecode.swift; path = LocationFinder.swift; sourceTree = "<group>"; };
		960A87242A6D9959006874E5 /* NotificationManager.swift */ = {isa = PBXFileReference; lastKnownFileType = sourcecode.swift; path = NotificationManager.swift; sourceTree = "<group>"; };
		960A87262A6D9C70006874E5 /* NotificationManagerImpl.swift */ = {isa = PBXFileReference; lastKnownFileType = sourcecode.swift; path = NotificationManagerImpl.swift; sourceTree = "<group>"; };
		960A87282A6D9C7A006874E5 /* NotificationManagerImpl+Authorization.swift */ = {isa = PBXFileReference; lastKnownFileType = sourcecode.swift; path = "NotificationManagerImpl+Authorization.swift"; sourceTree = "<group>"; };
		960A872A2A6D9CAE006874E5 /* LocationFinderImpl.swift */ = {isa = PBXFileReference; lastKnownFileType = sourcecode.swift; path = LocationFinderImpl.swift; sourceTree = "<group>"; };
		960A872C2A6D9CBC006874E5 /* BeaconBroadcasterImpl.swift */ = {isa = PBXFileReference; lastKnownFileType = sourcecode.swift; path = BeaconBroadcasterImpl.swift; sourceTree = "<group>"; };
		960A872E2A6D9CFB006874E5 /* BeaconFinderImpl.swift */ = {isa = PBXFileReference; lastKnownFileType = sourcecode.swift; path = BeaconFinderImpl.swift; sourceTree = "<group>"; };
		960A87302A6D9D8B006874E5 /* NotifyWhenNearMRTStationWithGPSImpl.swift */ = {isa = PBXFileReference; lastKnownFileType = sourcecode.swift; path = NotifyWhenNearMRTStationWithGPSImpl.swift; sourceTree = "<group>"; };
		960A87332A6D9DB6006874E5 /* NotifyWhenNearMRTStationWithBluetoothImpl.swift */ = {isa = PBXFileReference; lastKnownFileType = sourcecode.swift; path = NotifyWhenNearMRTStationWithBluetoothImpl.swift; sourceTree = "<group>"; };
		960A87352A6D9DEE006874E5 /* NotifyWhenNearMRTStationAndSpecificMRTStationOnceImpl.swift */ = {isa = PBXFileReference; lastKnownFileType = sourcecode.swift; path = NotifyWhenNearMRTStationAndSpecificMRTStationOnceImpl.swift; sourceTree = "<group>"; };
		960A87372A6D9E05006874E5 /* NotifyWhenNearMRTStationOnceImpl.swift */ = {isa = PBXFileReference; lastKnownFileType = sourcecode.swift; path = NotifyWhenNearMRTStationOnceImpl.swift; sourceTree = "<group>"; };
		960A87392A6D9E1E006874E5 /* NotifyWhenNearMRTStationWhenInBackgroundImpl.swift */ = {isa = PBXFileReference; lastKnownFileType = sourcecode.swift; path = NotifyWhenNearMRTStationWhenInBackgroundImpl.swift; sourceTree = "<group>"; };
		960A873C2A6D9E97006874E5 /* AlarmManager.swift */ = {isa = PBXFileReference; lastKnownFileType = sourcecode.swift; path = AlarmManager.swift; sourceTree = "<group>"; };
		960A873E2A6D9EB5006874E5 /* AlarmManagerImpl.swift */ = {isa = PBXFileReference; lastKnownFileType = sourcecode.swift; path = AlarmManagerImpl.swift; sourceTree = "<group>"; };
		960A87432A6D9F2A006874E5 /* MRTTrainSchedule.swift */ = {isa = PBXFileReference; lastKnownFileType = sourcecode.swift; path = MRTTrainSchedule.swift; sourceTree = "<group>"; };
		960A87452A6D9F7A006874E5 /* Train.swift */ = {isa = PBXFileReference; lastKnownFileType = sourcecode.swift; path = Train.swift; sourceTree = "<group>"; };
		960A87472A6DA043006874E5 /* MRTTrainScheduleImpl.swift */ = {isa = PBXFileReference; lastKnownFileType = sourcecode.swift; path = MRTTrainScheduleImpl.swift; sourceTree = "<group>"; };
		960A874E2A6DA67E006874E5 /* AlarmView.swift */ = {isa = PBXFileReference; lastKnownFileType = sourcecode.swift; path = AlarmView.swift; sourceTree = "<group>"; };
		960A87552A6E4D89006874E5 /* ChevronView.swift */ = {isa = PBXFileReference; lastKnownFileType = sourcecode.swift; path = ChevronView.swift; sourceTree = "<group>"; };
		9691D4462A6D77E800EE843C /* ProtocolExample.app */ = {isa = PBXFileReference; explicitFileType = wrapper.application; includeInIndex = 0; path = ProtocolExample.app; sourceTree = BUILT_PRODUCTS_DIR; };
		9691D4492A6D77E800EE843C /* ProtocolExampleApp.swift */ = {isa = PBXFileReference; lastKnownFileType = sourcecode.swift; path = ProtocolExampleApp.swift; sourceTree = "<group>"; };
		9691D44B2A6D77E800EE843C /* ContentView.swift */ = {isa = PBXFileReference; lastKnownFileType = sourcecode.swift; path = ContentView.swift; sourceTree = "<group>"; };
		9691D44D2A6D77E900EE843C /* Assets.xcassets */ = {isa = PBXFileReference; lastKnownFileType = folder.assetcatalog; path = Assets.xcassets; sourceTree = "<group>"; };
		9691D4502A6D77E900EE843C /* Preview Assets.xcassets */ = {isa = PBXFileReference; lastKnownFileType = folder.assetcatalog; path = "Preview Assets.xcassets"; sourceTree = "<group>"; };
		9691D45B2A6D781200EE843C /* DepartureArrivalView.swift */ = {isa = PBXFileReference; lastKnownFileType = sourcecode.swift; path = DepartureArrivalView.swift; sourceTree = "<group>"; };
/* End PBXFileReference section */

/* Begin PBXFrameworksBuildPhase section */
		9691D4432A6D77E800EE843C /* Frameworks */ = {
			isa = PBXFrameworksBuildPhase;
			buildActionMask = 2147483647;
			files = (
			);
			runOnlyForDeploymentPostprocessing = 0;
		};
/* End PBXFrameworksBuildPhase section */

/* Begin PBXGroup section */
		960A59092A6ED691000BE611 /* Resources */ = {
			isa = PBXGroup;
			children = (
				960A59122A6ED706000BE611 /* Localizable.strings */,
			);
			path = Resources;
			sourceTree = "<group>";
		};
		960A86FA2A6D8B2E006874E5 /* Core */ = {
			isa = PBXGroup;
			children = (
				960A871A2A6D9676006874E5 /* BeaconFinder */,
				960A871F2A6D972D006874E5 /* BeaconBroadcaster */,
				960A87202A6D981F006874E5 /* LocationFinder */,
				960A874B2A6DA133006874E5 /* MRTNavigation */,
				960A873B2A6D9E8E006874E5 /* AlarmManager */,
				960A87232A6D994D006874E5 /* NotificationManager */,
				960A86FB2A6D8B32006874E5 /* Button */,
			);
			path = Core;
			sourceTree = "<group>";
		};
		960A86FB2A6D8B32006874E5 /* Button */ = {
			isa = PBXGroup;
			children = (
				960A86FC2A6D8B4A006874E5 /* Button+SelectedButtonStyle.swift */,
			);
			path = Button;
			sourceTree = "<group>";
		};
		960A86FE2A6D8BF2006874E5 /* NotityWhenNearMRTStationWhenInBacgkround */ = {
			isa = PBXGroup;
			children = (
				960A86FF2A6D8C1F006874E5 /* Domain */,
			);
			path = NotityWhenNearMRTStationWhenInBacgkround;
			sourceTree = "<group>";
		};
		960A86FF2A6D8C1F006874E5 /* Domain */ = {
			isa = PBXGroup;
			children = (
				960A87002A6D8C23006874E5 /* UseCases */,
			);
			path = Domain;
			sourceTree = "<group>";
		};
		960A87002A6D8C23006874E5 /* UseCases */ = {
			isa = PBXGroup;
			children = (
				960A87012A6D8C3C006874E5 /* NotifyWhenNearMRTStationWhenInBackground.swift */,
				960A87392A6D9E1E006874E5 /* NotifyWhenNearMRTStationWhenInBackgroundImpl.swift */,
			);
			path = UseCases;
			sourceTree = "<group>";
		};
		960A87052A6D8E81006874E5 /* MRT */ = {
			isa = PBXGroup;
			children = (
				960A87062A6D8E88006874E5 /* Station.swift */,
				960A87452A6D9F7A006874E5 /* Train.swift */,
				960A59072A6ED155000BE611 /* MRT.swift */,
			);
			path = MRT;
			sourceTree = "<group>";
		};
		960A870A2A6D90D4006874E5 /* NotifyWhenNearMRTStationWithBluetooth */ = {
			isa = PBXGroup;
			children = (
				960A870B2A6D90E2006874E5 /* Domain */,
			);
			path = NotifyWhenNearMRTStationWithBluetooth;
			sourceTree = "<group>";
		};
		960A870B2A6D90E2006874E5 /* Domain */ = {
			isa = PBXGroup;
			children = (
				960A870C2A6D90E6006874E5 /* UseCases */,
			);
			path = Domain;
			sourceTree = "<group>";
		};
		960A870C2A6D90E6006874E5 /* UseCases */ = {
			isa = PBXGroup;
			children = (
				960A87032A6D8E48006874E5 /* NotifyWhenNearMRTStationWithBluetooth.swift */,
				960A87332A6D9DB6006874E5 /* NotifyWhenNearMRTStationWithBluetoothImpl.swift */,
			);
			path = UseCases;
			sourceTree = "<group>";
		};
		960A870D2A6D90EF006874E5 /* NotifyWhenNearMRTStationWithGPS */ = {
			isa = PBXGroup;
			children = (
				960A870E2A6D90FE006874E5 /* Domain */,
			);
			path = NotifyWhenNearMRTStationWithGPS;
			sourceTree = "<group>";
		};
		960A870E2A6D90FE006874E5 /* Domain */ = {
			isa = PBXGroup;
			children = (
				960A870F2A6D9102006874E5 /* UseCases */,
			);
			path = Domain;
			sourceTree = "<group>";
		};
		960A870F2A6D9102006874E5 /* UseCases */ = {
			isa = PBXGroup;
			children = (
				960A87082A6D8F0A006874E5 /* NotifyWhenNearMRTStationWithGPS.swift */,
				960A87302A6D9D8B006874E5 /* NotifyWhenNearMRTStationWithGPSImpl.swift */,
			);
			path = UseCases;
			sourceTree = "<group>";
		};
		960A87102A6D912B006874E5 /* NotifyWhenNearMRTStationOnce */ = {
			isa = PBXGroup;
			children = (
				960A87112A6D913A006874E5 /* Domain */,
			);
			path = NotifyWhenNearMRTStationOnce;
			sourceTree = "<group>";
		};
		960A87112A6D913A006874E5 /* Domain */ = {
			isa = PBXGroup;
			children = (
				960A87122A6D913D006874E5 /* UseCases */,
			);
			path = Domain;
			sourceTree = "<group>";
		};
		960A87122A6D913D006874E5 /* UseCases */ = {
			isa = PBXGroup;
			children = (
				960A87132A6D9147006874E5 /* NotifyWhenNearMRTStationOnce.swift */,
				960A87372A6D9E05006874E5 /* NotifyWhenNearMRTStationOnceImpl.swift */,
			);
			path = UseCases;
			sourceTree = "<group>";
		};
		960A87152A6D93F5006874E5 /* NotifyWhenNearMRTStationAndSpecificMRTStationOnce */ = {
			isa = PBXGroup;
			children = (
				960A87162A6D9440006874E5 /* Domain */,
			);
			path = NotifyWhenNearMRTStationAndSpecificMRTStationOnce;
			sourceTree = "<group>";
		};
		960A87162A6D9440006874E5 /* Domain */ = {
			isa = PBXGroup;
			children = (
				960A87172A6D9444006874E5 /* UseCases */,
			);
			path = Domain;
			sourceTree = "<group>";
		};
		960A87172A6D9444006874E5 /* UseCases */ = {
			isa = PBXGroup;
			children = (
				960A87182A6D9463006874E5 /* NotifyWhenNearMRTStationAndSpecificMRTStationOnce.swift */,
				960A87352A6D9DEE006874E5 /* NotifyWhenNearMRTStationAndSpecificMRTStationOnceImpl.swift */,
			);
			path = UseCases;
			sourceTree = "<group>";
		};
		960A871A2A6D9676006874E5 /* BeaconFinder */ = {
			isa = PBXGroup;
			children = (
				960A871B2A6D967E006874E5 /* BeaconFinder.swift */,
				960A872E2A6D9CFB006874E5 /* BeaconFinderImpl.swift */,
			);
			path = BeaconFinder;
			sourceTree = "<group>";
		};
		960A871F2A6D972D006874E5 /* BeaconBroadcaster */ = {
			isa = PBXGroup;
			children = (
				960A871D2A6D972A006874E5 /* BeaconBroadcaster.swift */,
				960A872C2A6D9CBC006874E5 /* BeaconBroadcasterImpl.swift */,
			);
			path = BeaconBroadcaster;
			sourceTree = "<group>";
		};
		960A87202A6D981F006874E5 /* LocationFinder */ = {
			isa = PBXGroup;
			children = (
				960A87212A6D9838006874E5 /* LocationFinder.swift */,
				960A872A2A6D9CAE006874E5 /* LocationFinderImpl.swift */,
			);
			path = LocationFinder;
			sourceTree = "<group>";
		};
		960A87232A6D994D006874E5 /* NotificationManager */ = {
			isa = PBXGroup;
			children = (
				960A87242A6D9959006874E5 /* NotificationManager.swift */,
				960A87262A6D9C70006874E5 /* NotificationManagerImpl.swift */,
				960A87282A6D9C7A006874E5 /* NotificationManagerImpl+Authorization.swift */,
			);
			path = NotificationManager;
			sourceTree = "<group>";
		};
		960A873B2A6D9E8E006874E5 /* AlarmManager */ = {
			isa = PBXGroup;
			children = (
				960A873C2A6D9E97006874E5 /* AlarmManager.swift */,
				960A873E2A6D9EB5006874E5 /* AlarmManagerImpl.swift */,
			);
			path = AlarmManager;
			sourceTree = "<group>";
		};
		960A87402A6D9EFE006874E5 /* MRTTrainSchedule */ = {
			isa = PBXGroup;
			children = (
				960A87412A6D9F11006874E5 /* Domain */,
			);
			path = MRTTrainSchedule;
			sourceTree = "<group>";
		};
		960A87412A6D9F11006874E5 /* Domain */ = {
			isa = PBXGroup;
			children = (
				960A87422A6D9F15006874E5 /* UseCases */,
			);
			path = Domain;
			sourceTree = "<group>";
		};
		960A87422A6D9F15006874E5 /* UseCases */ = {
			isa = PBXGroup;
			children = (
				960A87432A6D9F2A006874E5 /* MRTTrainSchedule.swift */,
				960A87472A6DA043006874E5 /* MRTTrainScheduleImpl.swift */,
			);
			path = UseCases;
			sourceTree = "<group>";
		};
		960A87492A6DA0BE006874E5 /* Presentation */ = {
			isa = PBXGroup;
			children = (
				9691D45A2A6D780400EE843C /* Components */,
			);
			path = Presentation;
			sourceTree = "<group>";
		};
		960A874A2A6DA129006874E5 /* MRTNavigation */ = {
			isa = PBXGroup;
			children = (
				960A874C2A6DA673006874E5 /* Alarm */,
				960A87402A6D9EFE006874E5 /* MRTTrainSchedule */,
				960A87152A6D93F5006874E5 /* NotifyWhenNearMRTStationAndSpecificMRTStationOnce */,
				960A87102A6D912B006874E5 /* NotifyWhenNearMRTStationOnce */,
				960A86FE2A6D8BF2006874E5 /* NotityWhenNearMRTStationWhenInBacgkround */,
				9691D4582A6D77F200EE843C /* DepartureArrival */,
			);
			path = MRTNavigation;
			sourceTree = "<group>";
		};
		960A874B2A6DA133006874E5 /* MRTNavigation */ = {
			isa = PBXGroup;
			children = (
				960A870D2A6D90EF006874E5 /* NotifyWhenNearMRTStationWithGPS */,
				960A870A2A6D90D4006874E5 /* NotifyWhenNearMRTStationWithBluetooth */,
				960A87052A6D8E81006874E5 /* MRT */,
			);
			path = MRTNavigation;
			sourceTree = "<group>";
		};
		960A874C2A6DA673006874E5 /* Alarm */ = {
			isa = PBXGroup;
			children = (
				960A87502A6DAED0006874E5 /* Presentation */,
			);
			path = Alarm;
			sourceTree = "<group>";
		};
		960A874D2A6DA677006874E5 /* Components */ = {
			isa = PBXGroup;
			children = (
				960A874E2A6DA67E006874E5 /* AlarmView.swift */,
			);
			path = Components;
			sourceTree = "<group>";
		};
		960A87502A6DAED0006874E5 /* Presentation */ = {
			isa = PBXGroup;
			children = (
				960A874D2A6DA677006874E5 /* Components */,
			);
			path = Presentation;
			sourceTree = "<group>";
		};
		9691D43D2A6D77E800EE843C = {
			isa = PBXGroup;
			children = (
				960A59062A6EA9FD000BE611 /* README.md */,
				9691D4482A6D77E800EE843C /* ProtocolExample */,
				9691D4472A6D77E800EE843C /* Products */,
			);
			sourceTree = "<group>";
		};
		9691D4472A6D77E800EE843C /* Products */ = {
			isa = PBXGroup;
			children = (
				9691D4462A6D77E800EE843C /* ProtocolExample.app */,
			);
			name = Products;
			sourceTree = "<group>";
		};
		9691D4482A6D77E800EE843C /* ProtocolExample */ = {
			isa = PBXGroup;
			children = (
				960A59092A6ED691000BE611 /* Resources */,
				960A86FA2A6D8B2E006874E5 /* Core */,
				9691D4572A6D77EE00EE843C /* Features */,
				9691D4492A6D77E800EE843C /* ProtocolExampleApp.swift */,
				9691D44B2A6D77E800EE843C /* ContentView.swift */,
				9691D44D2A6D77E900EE843C /* Assets.xcassets */,
				9691D44F2A6D77E900EE843C /* Preview Content */,
			);
			path = ProtocolExample;
			sourceTree = "<group>";
		};
		9691D44F2A6D77E900EE843C /* Preview Content */ = {
			isa = PBXGroup;
			children = (
				9691D4502A6D77E900EE843C /* Preview Assets.xcassets */,
			);
			path = "Preview Content";
			sourceTree = "<group>";
		};
		9691D4572A6D77EE00EE843C /* Features */ = {
			isa = PBXGroup;
			children = (
				960A874A2A6DA129006874E5 /* MRTNavigation */,
			);
			path = Features;
			sourceTree = "<group>";
		};
		9691D4582A6D77F200EE843C /* DepartureArrival */ = {
			isa = PBXGroup;
			children = (
				960A87492A6DA0BE006874E5 /* Presentation */,
			);
			path = DepartureArrival;
			sourceTree = "<group>";
		};
		9691D45A2A6D780400EE843C /* Components */ = {
			isa = PBXGroup;
			children = (
				9691D45B2A6D781200EE843C /* DepartureArrivalView.swift */,
				960A87552A6E4D89006874E5 /* ChevronView.swift */,
				960A59142A6EDCE2000BE611 /* ScheduleView.swift */,
			);
			path = Components;
			sourceTree = "<group>";
		};
/* End PBXGroup section */

/* Begin PBXNativeTarget section */
		9691D4452A6D77E800EE843C /* ProtocolExample */ = {
			isa = PBXNativeTarget;
			buildConfigurationList = 9691D4542A6D77E900EE843C /* Build configuration list for PBXNativeTarget "ProtocolExample" */;
			buildPhases = (
				9691D4422A6D77E800EE843C /* Sources */,
				9691D4432A6D77E800EE843C /* Frameworks */,
				9691D4442A6D77E800EE843C /* Resources */,
			);
			buildRules = (
			);
			dependencies = (
			);
			name = ProtocolExample;
			productName = ProtocolExample;
			productReference = 9691D4462A6D77E800EE843C /* ProtocolExample.app */;
			productType = "com.apple.product-type.application";
		};
/* End PBXNativeTarget section */

/* Begin PBXProject section */
		9691D43E2A6D77E800EE843C /* Project object */ = {
			isa = PBXProject;
			attributes = {
				BuildIndependentTargetsInParallel = 1;
				LastSwiftUpdateCheck = 1430;
				LastUpgradeCheck = 1430;
				TargetAttributes = {
					9691D4452A6D77E800EE843C = {
						CreatedOnToolsVersion = 14.3;
					};
				};
			};
			buildConfigurationList = 9691D4412A6D77E800EE843C /* Build configuration list for PBXProject "ProtocolExample" */;
			compatibilityVersion = "Xcode 14.0";
			developmentRegion = en;
			hasScannedForEncodings = 0;
			knownRegions = (
				en,
				Base,
				id,
			);
			mainGroup = 9691D43D2A6D77E800EE843C;
			productRefGroup = 9691D4472A6D77E800EE843C /* Products */;
			projectDirPath = "";
			projectRoot = "";
			targets = (
				9691D4452A6D77E800EE843C /* ProtocolExample */,
			);
		};
/* End PBXProject section */

/* Begin PBXResourcesBuildPhase section */
		9691D4442A6D77E800EE843C /* Resources */ = {
			isa = PBXResourcesBuildPhase;
			buildActionMask = 2147483647;
			files = (
				9691D4512A6D77E900EE843C /* Preview Assets.xcassets in Resources */,
				960A59102A6ED706000BE611 /* Localizable.strings in Resources */,
				9691D44E2A6D77E900EE843C /* Assets.xcassets in Resources */,
			);
			runOnlyForDeploymentPostprocessing = 0;
		};
/* End PBXResourcesBuildPhase section */

/* Begin PBXSourcesBuildPhase section */
		9691D4422A6D77E800EE843C /* Sources */ = {
			isa = PBXSourcesBuildPhase;
			buildActionMask = 2147483647;
			files = (
				960A87042A6D8E48006874E5 /* NotifyWhenNearMRTStationWithBluetooth.swift in Sources */,
				960A871C2A6D967E006874E5 /* BeaconFinder.swift in Sources */,
				960A86FD2A6D8B4A006874E5 /* Button+SelectedButtonStyle.swift in Sources */,
				960A87382A6D9E05006874E5 /* NotifyWhenNearMRTStationOnceImpl.swift in Sources */,
				9691D45C2A6D781200EE843C /* DepartureArrivalView.swift in Sources */,
				960A87252A6D9959006874E5 /* NotificationManager.swift in Sources */,
				960A87022A6D8C3C006874E5 /* NotifyWhenNearMRTStationWhenInBackground.swift in Sources */,
				960A87292A6D9C7A006874E5 /* NotificationManagerImpl+Authorization.swift in Sources */,
				960A87562A6E4D89006874E5 /* ChevronView.swift in Sources */,
				960A87342A6D9DB6006874E5 /* NotifyWhenNearMRTStationWithBluetoothImpl.swift in Sources */,
				960A87092A6D8F0A006874E5 /* NotifyWhenNearMRTStationWithGPS.swift in Sources */,
				960A87442A6D9F2A006874E5 /* MRTTrainSchedule.swift in Sources */,
				960A87362A6D9DEE006874E5 /* NotifyWhenNearMRTStationAndSpecificMRTStationOnceImpl.swift in Sources */,
				960A872F2A6D9CFB006874E5 /* BeaconFinderImpl.swift in Sources */,
				960A872B2A6D9CAE006874E5 /* LocationFinderImpl.swift in Sources */,
				960A87312A6D9D8B006874E5 /* NotifyWhenNearMRTStationWithGPSImpl.swift in Sources */,
				960A873D2A6D9E97006874E5 /* AlarmManager.swift in Sources */,
				960A87462A6D9F7A006874E5 /* Train.swift in Sources */,
				960A874F2A6DA67E006874E5 /* AlarmView.swift in Sources */,
				960A873A2A6D9E1E006874E5 /* NotifyWhenNearMRTStationWhenInBackgroundImpl.swift in Sources */,
				960A59152A6EDCE2000BE611 /* ScheduleView.swift in Sources */,
				960A87192A6D9463006874E5 /* NotifyWhenNearMRTStationAndSpecificMRTStationOnce.swift in Sources */,
				960A872D2A6D9CBC006874E5 /* BeaconBroadcasterImpl.swift in Sources */,
				9691D44C2A6D77E800EE843C /* ContentView.swift in Sources */,
				960A59082A6ED155000BE611 /* MRT.swift in Sources */,
				960A871E2A6D972A006874E5 /* BeaconBroadcaster.swift in Sources */,
				960A87222A6D9838006874E5 /* LocationFinder.swift in Sources */,
				960A873F2A6D9EB5006874E5 /* AlarmManagerImpl.swift in Sources */,
				960A87482A6DA043006874E5 /* MRTTrainScheduleImpl.swift in Sources */,
				960A87142A6D9147006874E5 /* NotifyWhenNearMRTStationOnce.swift in Sources */,
				9691D44A2A6D77E800EE843C /* ProtocolExampleApp.swift in Sources */,
				960A87272A6D9C70006874E5 /* NotificationManagerImpl.swift in Sources */,
				960A87072A6D8E88006874E5 /* Station.swift in Sources */,
			);
			runOnlyForDeploymentPostprocessing = 0;
		};
/* End PBXSourcesBuildPhase section */

/* Begin PBXVariantGroup section */
		960A59122A6ED706000BE611 /* Localizable.strings */ = {
			isa = PBXVariantGroup;
			children = (
				960A59132A6ED731000BE611 /* id */,
			);
			name = Localizable.strings;
			sourceTree = "<group>";
		};
/* End PBXVariantGroup section */

/* Begin XCBuildConfiguration section */
		9691D4522A6D77E900EE843C /* Debug */ = {
			isa = XCBuildConfiguration;
			buildSettings = {
				ALWAYS_SEARCH_USER_PATHS = NO;
				CLANG_ANALYZER_LOCALIZABILITY_NONLOCALIZED = YES;
				CLANG_ANALYZER_NONNULL = YES;
				CLANG_ANALYZER_NUMBER_OBJECT_CONVERSION = YES_AGGRESSIVE;
				CLANG_CXX_LANGUAGE_STANDARD = "gnu++20";
				CLANG_ENABLE_MODULES = YES;
				CLANG_ENABLE_OBJC_ARC = YES;
				CLANG_ENABLE_OBJC_WEAK = YES;
				CLANG_WARN_BLOCK_CAPTURE_AUTORELEASING = YES;
				CLANG_WARN_BOOL_CONVERSION = YES;
				CLANG_WARN_COMMA = YES;
				CLANG_WARN_CONSTANT_CONVERSION = YES;
				CLANG_WARN_DEPRECATED_OBJC_IMPLEMENTATIONS = YES;
				CLANG_WARN_DIRECT_OBJC_ISA_USAGE = YES_ERROR;
				CLANG_WARN_DOCUMENTATION_COMMENTS = YES;
				CLANG_WARN_EMPTY_BODY = YES;
				CLANG_WARN_ENUM_CONVERSION = YES;
				CLANG_WARN_INFINITE_RECURSION = YES;
				CLANG_WARN_INT_CONVERSION = YES;
				CLANG_WARN_NON_LITERAL_NULL_CONVERSION = YES;
				CLANG_WARN_OBJC_IMPLICIT_RETAIN_SELF = YES;
				CLANG_WARN_OBJC_LITERAL_CONVERSION = YES;
				CLANG_WARN_OBJC_ROOT_CLASS = YES_ERROR;
				CLANG_WARN_QUOTED_INCLUDE_IN_FRAMEWORK_HEADER = YES;
				CLANG_WARN_RANGE_LOOP_ANALYSIS = YES;
				CLANG_WARN_STRICT_PROTOTYPES = YES;
				CLANG_WARN_SUSPICIOUS_MOVE = YES;
				CLANG_WARN_UNGUARDED_AVAILABILITY = YES_AGGRESSIVE;
				CLANG_WARN_UNREACHABLE_CODE = YES;
				CLANG_WARN__DUPLICATE_METHOD_MATCH = YES;
				COPY_PHASE_STRIP = NO;
				DEBUG_INFORMATION_FORMAT = dwarf;
				ENABLE_STRICT_OBJC_MSGSEND = YES;
				ENABLE_TESTABILITY = YES;
				GCC_C_LANGUAGE_STANDARD = gnu11;
				GCC_DYNAMIC_NO_PIC = NO;
				GCC_NO_COMMON_BLOCKS = YES;
				GCC_OPTIMIZATION_LEVEL = 0;
				GCC_PREPROCESSOR_DEFINITIONS = (
					"DEBUG=1",
					"$(inherited)",
				);
				GCC_WARN_64_TO_32_BIT_CONVERSION = YES;
				GCC_WARN_ABOUT_RETURN_TYPE = YES_ERROR;
				GCC_WARN_UNDECLARED_SELECTOR = YES;
				GCC_WARN_UNINITIALIZED_AUTOS = YES_AGGRESSIVE;
				GCC_WARN_UNUSED_FUNCTION = YES;
				GCC_WARN_UNUSED_VARIABLE = YES;
				IPHONEOS_DEPLOYMENT_TARGET = 16.4;
				MTL_ENABLE_DEBUG_INFO = INCLUDE_SOURCE;
				MTL_FAST_MATH = YES;
				ONLY_ACTIVE_ARCH = YES;
				SDKROOT = iphoneos;
				SWIFT_ACTIVE_COMPILATION_CONDITIONS = DEBUG;
				SWIFT_OPTIMIZATION_LEVEL = "-Onone";
			};
			name = Debug;
		};
		9691D4532A6D77E900EE843C /* Release */ = {
			isa = XCBuildConfiguration;
			buildSettings = {
				ALWAYS_SEARCH_USER_PATHS = NO;
				CLANG_ANALYZER_LOCALIZABILITY_NONLOCALIZED = YES;
				CLANG_ANALYZER_NONNULL = YES;
				CLANG_ANALYZER_NUMBER_OBJECT_CONVERSION = YES_AGGRESSIVE;
				CLANG_CXX_LANGUAGE_STANDARD = "gnu++20";
				CLANG_ENABLE_MODULES = YES;
				CLANG_ENABLE_OBJC_ARC = YES;
				CLANG_ENABLE_OBJC_WEAK = YES;
				CLANG_WARN_BLOCK_CAPTURE_AUTORELEASING = YES;
				CLANG_WARN_BOOL_CONVERSION = YES;
				CLANG_WARN_COMMA = YES;
				CLANG_WARN_CONSTANT_CONVERSION = YES;
				CLANG_WARN_DEPRECATED_OBJC_IMPLEMENTATIONS = YES;
				CLANG_WARN_DIRECT_OBJC_ISA_USAGE = YES_ERROR;
				CLANG_WARN_DOCUMENTATION_COMMENTS = YES;
				CLANG_WARN_EMPTY_BODY = YES;
				CLANG_WARN_ENUM_CONVERSION = YES;
				CLANG_WARN_INFINITE_RECURSION = YES;
				CLANG_WARN_INT_CONVERSION = YES;
				CLANG_WARN_NON_LITERAL_NULL_CONVERSION = YES;
				CLANG_WARN_OBJC_IMPLICIT_RETAIN_SELF = YES;
				CLANG_WARN_OBJC_LITERAL_CONVERSION = YES;
				CLANG_WARN_OBJC_ROOT_CLASS = YES_ERROR;
				CLANG_WARN_QUOTED_INCLUDE_IN_FRAMEWORK_HEADER = YES;
				CLANG_WARN_RANGE_LOOP_ANALYSIS = YES;
				CLANG_WARN_STRICT_PROTOTYPES = YES;
				CLANG_WARN_SUSPICIOUS_MOVE = YES;
				CLANG_WARN_UNGUARDED_AVAILABILITY = YES_AGGRESSIVE;
				CLANG_WARN_UNREACHABLE_CODE = YES;
				CLANG_WARN__DUPLICATE_METHOD_MATCH = YES;
				COPY_PHASE_STRIP = NO;
				DEBUG_INFORMATION_FORMAT = "dwarf-with-dsym";
				ENABLE_NS_ASSERTIONS = NO;
				ENABLE_STRICT_OBJC_MSGSEND = YES;
				GCC_C_LANGUAGE_STANDARD = gnu11;
				GCC_NO_COMMON_BLOCKS = YES;
				GCC_WARN_64_TO_32_BIT_CONVERSION = YES;
				GCC_WARN_ABOUT_RETURN_TYPE = YES_ERROR;
				GCC_WARN_UNDECLARED_SELECTOR = YES;
				GCC_WARN_UNINITIALIZED_AUTOS = YES_AGGRESSIVE;
				GCC_WARN_UNUSED_FUNCTION = YES;
				GCC_WARN_UNUSED_VARIABLE = YES;
				IPHONEOS_DEPLOYMENT_TARGET = 16.4;
				MTL_ENABLE_DEBUG_INFO = NO;
				MTL_FAST_MATH = YES;
				SDKROOT = iphoneos;
				SWIFT_COMPILATION_MODE = wholemodule;
				SWIFT_OPTIMIZATION_LEVEL = "-O";
				VALIDATE_PRODUCT = YES;
			};
			name = Release;
		};
		9691D4552A6D77E900EE843C /* Debug */ = {
			isa = XCBuildConfiguration;
			buildSettings = {
				ASSETCATALOG_COMPILER_APPICON_NAME = AppIcon;
				ASSETCATALOG_COMPILER_GLOBAL_ACCENT_COLOR_NAME = AccentColor;
				CODE_SIGN_STYLE = Automatic;
				CURRENT_PROJECT_VERSION = 1;
				DEVELOPMENT_ASSET_PATHS = "\"ProtocolExample/Preview Content\"";
				DEVELOPMENT_TEAM = G85YYYKRLS;
				ENABLE_PREVIEWS = YES;
				GENERATE_INFOPLIST_FILE = YES;
				INFOPLIST_KEY_UIApplicationSceneManifest_Generation = YES;
				INFOPLIST_KEY_UIApplicationSupportsIndirectInputEvents = YES;
				INFOPLIST_KEY_UILaunchScreen_Generation = YES;
				INFOPLIST_KEY_UISupportedInterfaceOrientations_iPad = "UIInterfaceOrientationPortrait UIInterfaceOrientationPortraitUpsideDown UIInterfaceOrientationLandscapeLeft UIInterfaceOrientationLandscapeRight";
				INFOPLIST_KEY_UISupportedInterfaceOrientations_iPhone = "UIInterfaceOrientationPortrait UIInterfaceOrientationLandscapeLeft UIInterfaceOrientationLandscapeRight";
				LD_RUNPATH_SEARCH_PATHS = (
					"$(inherited)",
					"@executable_path/Frameworks",
				);
				MARKETING_VERSION = 1.0;
				PRODUCT_BUNDLE_IDENTIFIER = com.example.ProtocolExample;
				PRODUCT_NAME = "$(TARGET_NAME)";
				SUPPORTED_PLATFORMS = "iphoneos iphonesimulator";
				SUPPORTS_MACCATALYST = NO;
				SUPPORTS_MAC_DESIGNED_FOR_IPHONE_IPAD = NO;
				SWIFT_EMIT_LOC_STRINGS = YES;
				SWIFT_VERSION = 5.0;
				TARGETED_DEVICE_FAMILY = 1;
			};
			name = Debug;
		};
		9691D4562A6D77E900EE843C /* Release */ = {
			isa = XCBuildConfiguration;
			buildSettings = {
				ASSETCATALOG_COMPILER_APPICON_NAME = AppIcon;
				ASSETCATALOG_COMPILER_GLOBAL_ACCENT_COLOR_NAME = AccentColor;
				CODE_SIGN_STYLE = Automatic;
				CURRENT_PROJECT_VERSION = 1;
				DEVELOPMENT_ASSET_PATHS = "\"ProtocolExample/Preview Content\"";
				DEVELOPMENT_TEAM = G85YYYKRLS;
				ENABLE_PREVIEWS = YES;
				GENERATE_INFOPLIST_FILE = YES;
				INFOPLIST_KEY_UIApplicationSceneManifest_Generation = YES;
				INFOPLIST_KEY_UIApplicationSupportsIndirectInputEvents = YES;
				INFOPLIST_KEY_UILaunchScreen_Generation = YES;
				INFOPLIST_KEY_UISupportedInterfaceOrientations_iPad = "UIInterfaceOrientationPortrait UIInterfaceOrientationPortraitUpsideDown UIInterfaceOrientationLandscapeLeft UIInterfaceOrientationLandscapeRight";
				INFOPLIST_KEY_UISupportedInterfaceOrientations_iPhone = "UIInterfaceOrientationPortrait UIInterfaceOrientationLandscapeLeft UIInterfaceOrientationLandscapeRight";
				LD_RUNPATH_SEARCH_PATHS = (
					"$(inherited)",
					"@executable_path/Frameworks",
				);
				MARKETING_VERSION = 1.0;
				PRODUCT_BUNDLE_IDENTIFIER = com.example.ProtocolExample;
				PRODUCT_NAME = "$(TARGET_NAME)";
				SUPPORTED_PLATFORMS = "iphoneos iphonesimulator";
				SUPPORTS_MACCATALYST = NO;
				SUPPORTS_MAC_DESIGNED_FOR_IPHONE_IPAD = NO;
				SWIFT_EMIT_LOC_STRINGS = YES;
				SWIFT_VERSION = 5.0;
				TARGETED_DEVICE_FAMILY = 1;
			};
			name = Release;
		};
/* End XCBuildConfiguration section */

/* Begin XCConfigurationList section */
		9691D4412A6D77E800EE843C /* Build configuration list for PBXProject "ProtocolExample" */ = {
			isa = XCConfigurationList;
			buildConfigurations = (
				9691D4522A6D77E900EE843C /* Debug */,
				9691D4532A6D77E900EE843C /* Release */,
			);
			defaultConfigurationIsVisible = 0;
			defaultConfigurationName = Release;
		};
		9691D4542A6D77E900EE843C /* Build configuration list for PBXNativeTarget "ProtocolExample" */ = {
			isa = XCConfigurationList;
			buildConfigurations = (
				9691D4552A6D77E900EE843C /* Debug */,
				9691D4562A6D77E900EE843C /* Release */,
			);
			defaultConfigurationIsVisible = 0;
			defaultConfigurationName = Release;
		};
/* End XCConfigurationList section */
	};
	rootObject = 9691D43E2A6D77E800EE843C /* Project object */;
}
