// !$*UTF8*$!
{
	archiveVersion = 1;
	classes = {
	};
	objectVersion = 56;
	objects = {

/* Begin PBXBuildFile section */
		96050EBA2A72B28B0011DE7E /* Either.swift in Sources */ = {isa = PBXBuildFile; fileRef = 96050EB92A72B28B0011DE7E /* Either.swift */; };
		96050EBC2A72B2F70011DE7E /* Either+PrimitiveButtonStyle.swift in Sources */ = {isa = PBXBuildFile; fileRef = 96050EBB2A72B2F70011DE7E /* Either+PrimitiveButtonStyle.swift */; };
		96050EBE2A72BD300011DE7E /* DepartureArrivalViewModel.swift in Sources */ = {isa = PBXBuildFile; fileRef = 96050EBD2A72BD300011DE7E /* DepartureArrivalViewModel.swift */; };
		96050EC02A72BD490011DE7E /* DepartureArrivalViewModelImpl.swift in Sources */ = {isa = PBXBuildFile; fileRef = 96050EBF2A72BD490011DE7E /* DepartureArrivalViewModelImpl.swift */; };
		96050ECA2A7383D40011DE7E /* DepartureArrivalSheetViewModelImpl.swift in Sources */ = {isa = PBXBuildFile; fileRef = 96050EC92A7383D40011DE7E /* DepartureArrivalSheetViewModelImpl.swift */; };
		96050ED32A73E12D0011DE7E /* SelectMRTStationView.swift in Sources */ = {isa = PBXBuildFile; fileRef = 96050ED22A73E12D0011DE7E /* SelectMRTStationView.swift */; };
		96050ED52A73E2900011DE7E /* Platform.swift in Sources */ = {isa = PBXBuildFile; fileRef = 96050ED42A73E2900011DE7E /* Platform.swift */; };
		96050ED72A73E2A10011DE7E /* Schedule.swift in Sources */ = {isa = PBXBuildFile; fileRef = 96050ED62A73E2A10011DE7E /* Schedule.swift */; };
		960A55132A70EF1F00F8E9FC /* AlarmManager.swift in Sources */ = {isa = PBXBuildFile; fileRef = 960A55122A70EF1F00F8E9FC /* AlarmManager.swift */; };
		960A55162A70EFA800F8E9FC /* NotificationManager.swift in Sources */ = {isa = PBXBuildFile; fileRef = 960A55152A70EFA800F8E9FC /* NotificationManager.swift */; };
		960A551B2A7146AF00F8E9FC /* PlayStopVibrationAudioInSmartphone.swift in Sources */ = {isa = PBXBuildFile; fileRef = 960A551A2A7146AF00F8E9FC /* PlayStopVibrationAudioInSmartphone.swift */; };
		960A551D2A7146DC00F8E9FC /* PlayStopVibrationAudioInSmartphoneImpl.swift in Sources */ = {isa = PBXBuildFile; fileRef = 960A551C2A7146DC00F8E9FC /* PlayStopVibrationAudioInSmartphoneImpl.swift */; };
		960A55202A7157B000F8E9FC /* IsMutedMode.swift in Sources */ = {isa = PBXBuildFile; fileRef = 960A551F2A7157B000F8E9FC /* IsMutedMode.swift */; };
		960A55222A7157CF00F8E9FC /* IsMutedModeImpl.swift in Sources */ = {isa = PBXBuildFile; fileRef = 960A55212A7157CF00F8E9FC /* IsMutedModeImpl.swift */; };
		960A55272A716A1E00F8E9FC /* AlarmViewModelImpl.swift in Sources */ = {isa = PBXBuildFile; fileRef = 960A55262A716A1E00F8E9FC /* AlarmViewModelImpl.swift */; };
		960A552E2A726D4600F8E9FC /* DepartureArrivalScheduleView.swift in Sources */ = {isa = PBXBuildFile; fileRef = 960A552D2A726D4600F8E9FC /* DepartureArrivalScheduleView.swift */; };
		960A59082A6ED155000BE611 /* MRT.swift in Sources */ = {isa = PBXBuildFile; fileRef = 960A59072A6ED155000BE611 /* MRT.swift */; };
		960A59102A6ED706000BE611 /* Localizable.strings in Resources */ = {isa = PBXBuildFile; fileRef = 960A59122A6ED706000BE611 /* Localizable.strings */; };
		960A59202A6FA82B000BE611 /* Line.swift in Sources */ = {isa = PBXBuildFile; fileRef = 960A591F2A6FA82B000BE611 /* Line.swift */; };
		960A59222A6FD7CB000BE611 /* DepartureArrivalV2View.swift in Sources */ = {isa = PBXBuildFile; fileRef = 960A59212A6FD7CB000BE611 /* DepartureArrivalV2View.swift */; };
		960A87022A6D8C3C006874E5 /* NotifyWhenNearMRTStationWhenInBackground.swift in Sources */ = {isa = PBXBuildFile; fileRef = 960A87012A6D8C3C006874E5 /* NotifyWhenNearMRTStationWhenInBackground.swift */; };
		960A87042A6D8E48006874E5 /* NotifyWhenNearMRTStationWithBluetooth.swift in Sources */ = {isa = PBXBuildFile; fileRef = 960A87032A6D8E48006874E5 /* NotifyWhenNearMRTStationWithBluetooth.swift */; };
		960A87072A6D8E88006874E5 /* Station.swift in Sources */ = {isa = PBXBuildFile; fileRef = 960A87062A6D8E88006874E5 /* Station.swift */; };
		960A87092A6D8F0A006874E5 /* NotifyWhenNearMRTStationWithGPS.swift in Sources */ = {isa = PBXBuildFile; fileRef = 960A87082A6D8F0A006874E5 /* NotifyWhenNearMRTStationWithGPS.swift */; };
		960A87142A6D9147006874E5 /* NotifyWhenNearMRTStationOnce.swift in Sources */ = {isa = PBXBuildFile; fileRef = 960A87132A6D9147006874E5 /* NotifyWhenNearMRTStationOnce.swift */; };
		960A87192A6D9463006874E5 /* NotifyWhenNearMRTStationAndSpecificMRTStationOnce.swift in Sources */ = {isa = PBXBuildFile; fileRef = 960A87182A6D9463006874E5 /* NotifyWhenNearMRTStationAndSpecificMRTStationOnce.swift */; };
		960A871C2A6D967E006874E5 /* BeaconFinder.swift in Sources */ = {isa = PBXBuildFile; fileRef = 960A871B2A6D967E006874E5 /* BeaconFinder.swift */; };
		960A871E2A6D972A006874E5 /* BeaconBroadcaster.swift in Sources */ = {isa = PBXBuildFile; fileRef = 960A871D2A6D972A006874E5 /* BeaconBroadcaster.swift */; };
		960A87222A6D9838006874E5 /* LocationFinder.swift in Sources */ = {isa = PBXBuildFile; fileRef = 960A87212A6D9838006874E5 /* LocationFinder.swift */; };
		960A87252A6D9959006874E5 /* Notification.swift in Sources */ = {isa = PBXBuildFile; fileRef = 960A87242A6D9959006874E5 /* Notification.swift */; };
		960A87272A6D9C70006874E5 /* NotificatinImpl.swift in Sources */ = {isa = PBXBuildFile; fileRef = 960A87262A6D9C70006874E5 /* NotificatinImpl.swift */; };
		960A87292A6D9C7A006874E5 /* NotificationImpl+Authorization.swift in Sources */ = {isa = PBXBuildFile; fileRef = 960A87282A6D9C7A006874E5 /* NotificationImpl+Authorization.swift */; };
		960A872B2A6D9CAE006874E5 /* LocationFinderImpl.swift in Sources */ = {isa = PBXBuildFile; fileRef = 960A872A2A6D9CAE006874E5 /* LocationFinderImpl.swift */; };
		960A872D2A6D9CBC006874E5 /* BeaconBroadcasterImpl.swift in Sources */ = {isa = PBXBuildFile; fileRef = 960A872C2A6D9CBC006874E5 /* BeaconBroadcasterImpl.swift */; };
		960A872F2A6D9CFB006874E5 /* BeaconFinderImpl.swift in Sources */ = {isa = PBXBuildFile; fileRef = 960A872E2A6D9CFB006874E5 /* BeaconFinderImpl.swift */; };
		960A87312A6D9D8B006874E5 /* NotifyWhenNearMRTStationWithGPSImpl.swift in Sources */ = {isa = PBXBuildFile; fileRef = 960A87302A6D9D8B006874E5 /* NotifyWhenNearMRTStationWithGPSImpl.swift */; };
		960A87342A6D9DB6006874E5 /* NotifyWhenNearMRTStationWithBluetoothImpl.swift in Sources */ = {isa = PBXBuildFile; fileRef = 960A87332A6D9DB6006874E5 /* NotifyWhenNearMRTStationWithBluetoothImpl.swift */; };
		960A87362A6D9DEE006874E5 /* NotifyWhenNearMRTStationAndSpecificMRTStationOnceImpl.swift in Sources */ = {isa = PBXBuildFile; fileRef = 960A87352A6D9DEE006874E5 /* NotifyWhenNearMRTStationAndSpecificMRTStationOnceImpl.swift */; };
		960A87382A6D9E05006874E5 /* NotifyWhenNearMRTStationOnceImpl.swift in Sources */ = {isa = PBXBuildFile; fileRef = 960A87372A6D9E05006874E5 /* NotifyWhenNearMRTStationOnceImpl.swift */; };
		960A873A2A6D9E1E006874E5 /* NotifyWhenNearMRTStationWhenInBackgroundImpl.swift in Sources */ = {isa = PBXBuildFile; fileRef = 960A87392A6D9E1E006874E5 /* NotifyWhenNearMRTStationWhenInBackgroundImpl.swift */; };
		960A873D2A6D9E97006874E5 /* Alarm.swift in Sources */ = {isa = PBXBuildFile; fileRef = 960A873C2A6D9E97006874E5 /* Alarm.swift */; };
		960A873F2A6D9EB5006874E5 /* AlarmImpl.swift in Sources */ = {isa = PBXBuildFile; fileRef = 960A873E2A6D9EB5006874E5 /* AlarmImpl.swift */; };
		960A87442A6D9F2A006874E5 /* MRTTrainSchedule.swift in Sources */ = {isa = PBXBuildFile; fileRef = 960A87432A6D9F2A006874E5 /* MRTTrainSchedule.swift */; };
		960A87462A6D9F7A006874E5 /* Train.swift in Sources */ = {isa = PBXBuildFile; fileRef = 960A87452A6D9F7A006874E5 /* Train.swift */; };
		960A87482A6DA043006874E5 /* MRTTrainScheduleImpl.swift in Sources */ = {isa = PBXBuildFile; fileRef = 960A87472A6DA043006874E5 /* MRTTrainScheduleImpl.swift */; };
		960A874F2A6DA67E006874E5 /* AlarmView.swift in Sources */ = {isa = PBXBuildFile; fileRef = 960A874E2A6DA67E006874E5 /* AlarmView.swift */; };
		960A87562A6E4D89006874E5 /* ChevronView.swift in Sources */ = {isa = PBXBuildFile; fileRef = 960A87552A6E4D89006874E5 /* ChevronView.swift */; };
		9655E94A2A7AECC400DFB581 /* AppDelegate.swift in Sources */ = {isa = PBXBuildFile; fileRef = 9655E9492A7AECC400DFB581 /* AppDelegate.swift */; };
		9655E94C2A7AECE000DFB581 /* SceneDelegate.swift in Sources */ = {isa = PBXBuildFile; fileRef = 9655E94B2A7AECE000DFB581 /* SceneDelegate.swift */; };
		9655E94E2A7AECF400DFB581 /* RootView.swift in Sources */ = {isa = PBXBuildFile; fileRef = 9655E94D2A7AECF400DFB581 /* RootView.swift */; };
		9655E9532A7AF14100DFB581 /* ViewControllable.swift in Sources */ = {isa = PBXBuildFile; fileRef = 9655E9522A7AF14100DFB581 /* ViewControllable.swift */; };
		9655E9572A7AF1E800DFB581 /* HostingController.swift in Sources */ = {isa = PBXBuildFile; fileRef = 9655E9562A7AF1E800DFB581 /* HostingController.swift */; };
		96611E222A7709A9004B5984 /* DepartureArrivalScheduleViewModelImpl.swift in Sources */ = {isa = PBXBuildFile; fileRef = 96611E212A7709A9004B5984 /* DepartureArrivalScheduleViewModelImpl.swift */; };
		96611E272A770C81004B5984 /* CommutingPage.swift in Sources */ = {isa = PBXBuildFile; fileRef = 96611E262A770C81004B5984 /* CommutingPage.swift */; };
		96611E2A2A770C8F004B5984 /* CommutingPageViewModelImpl.swift in Sources */ = {isa = PBXBuildFile; fileRef = 96611E292A770C8F004B5984 /* CommutingPageViewModelImpl.swift */; };
		9691D44E2A6D77E900EE843C /* Assets.xcassets in Resources */ = {isa = PBXBuildFile; fileRef = 9691D44D2A6D77E900EE843C /* Assets.xcassets */; };
		9691D4512A6D77E900EE843C /* Preview Assets.xcassets in Resources */ = {isa = PBXBuildFile; fileRef = 9691D4502A6D77E900EE843C /* Preview Assets.xcassets */; };
		9691D45C2A6D781200EE843C /* DepartureArrivalV1View.swift in Sources */ = {isa = PBXBuildFile; fileRef = 9691D45B2A6D781200EE843C /* DepartureArrivalV1View.swift */; };
		96AACDE92A6FE8CD00534E72 /* DepartureArrivalV2View+DepartureV2View.swift in Sources */ = {isa = PBXBuildFile; fileRef = 96AACDE82A6FE8CD00534E72 /* DepartureArrivalV2View+DepartureV2View.swift */; };
		96AACDEB2A6FE8E900534E72 /* DepartureArrivalV2View+ArrivalV2View.swift in Sources */ = {isa = PBXBuildFile; fileRef = 96AACDEA2A6FE8E900534E72 /* DepartureArrivalV2View+ArrivalV2View.swift */; };
		96AACDED2A6FE90000534E72 /* DepartureArrivalV2View+PlusCircleView.swift in Sources */ = {isa = PBXBuildFile; fileRef = 96AACDEC2A6FE90000534E72 /* DepartureArrivalV2View+PlusCircleView.swift */; };
		96AACDF02A6FE9D600534E72 /* DepartureArrivalViewModelV2Impl.swift in Sources */ = {isa = PBXBuildFile; fileRef = 96AACDEF2A6FE9D600534E72 /* DepartureArrivalViewModelV2Impl.swift */; };
		96AACDF42A6FEAFF00534E72 /* DepartureArrivalV1View+DepartureArrivalButtonView.swift in Sources */ = {isa = PBXBuildFile; fileRef = 96AACDF32A6FEAFF00534E72 /* DepartureArrivalV1View+DepartureArrivalButtonView.swift */; };
		96AACDFC2A6FEE6800534E72 /* DepartureArrivalPage.swift in Sources */ = {isa = PBXBuildFile; fileRef = 96AACDFB2A6FEE6800534E72 /* DepartureArrivalPage.swift */; };
		96BB00E12A8275A600073134 /* NavigationController.swift in Sources */ = {isa = PBXBuildFile; fileRef = 96BB00E02A8275A600073134 /* NavigationController.swift */; };
		96BB00E32A8276E800073134 /* RootCoordinator.swift in Sources */ = {isa = PBXBuildFile; fileRef = 96BB00E22A8276E800073134 /* RootCoordinator.swift */; };
		96BB00E62A82770800073134 /* Coordinator.swift in Sources */ = {isa = PBXBuildFile; fileRef = 96BB00E52A82770800073134 /* Coordinator.swift */; };
		96BB00E82A82777500073134 /* NavigationRoute.swift in Sources */ = {isa = PBXBuildFile; fileRef = 96BB00E72A82777500073134 /* NavigationRoute.swift */; };
		96BB00EB2A82781F00073134 /* RootRoute.swift in Sources */ = {isa = PBXBuildFile; fileRef = 96BB00EA2A82781F00073134 /* RootRoute.swift */; };
		96BB00F12A827CEB00073134 /* MRTNavigationRoute.swift in Sources */ = {isa = PBXBuildFile; fileRef = 96BB00F02A827CEB00073134 /* MRTNavigationRoute.swift */; };
		96BB00F32A827D3300073134 /* MRTNavigationCoordinator.swift in Sources */ = {isa = PBXBuildFile; fileRef = 96BB00F22A827D3300073134 /* MRTNavigationCoordinator.swift */; };
		96BB00F52A8282ED00073134 /* DepartureArrivalSheet.swift in Sources */ = {isa = PBXBuildFile; fileRef = 96BB00F42A8282ED00073134 /* DepartureArrivalSheet.swift */; };
		96BB00FB2A82B1CB00073134 /* DepartureArrivalScheduleViewModel.swift in Sources */ = {isa = PBXBuildFile; fileRef = 96BB00FA2A82B1CB00073134 /* DepartureArrivalScheduleViewModel.swift */; };
		96C7BAB82A84C43700D0CFE0 /* DepartureArrivalPageViewModel.swift in Sources */ = {isa = PBXBuildFile; fileRef = 96C7BAB72A84C43700D0CFE0 /* DepartureArrivalPageViewModel.swift */; };
		96C7BABA2A84C45700D0CFE0 /* DepartureArrivalPageViewModelImpl.swift in Sources */ = {isa = PBXBuildFile; fileRef = 96C7BAB92A84C45700D0CFE0 /* DepartureArrivalPageViewModelImpl.swift */; };
		96E2472D2A78E67000664689 /* CommutingPageViewModel.swift in Sources */ = {isa = PBXBuildFile; fileRef = 96E2472C2A78E67000664689 /* CommutingPageViewModel.swift */; };
		96E2472F2A78E7AF00664689 /* AlarmViewModel.swift in Sources */ = {isa = PBXBuildFile; fileRef = 96E2472E2A78E7AF00664689 /* AlarmViewModel.swift */; };
		96E247312A790D4400664689 /* DepartureArrivalSheetViewModel.swift in Sources */ = {isa = PBXBuildFile; fileRef = 96E247302A790D4400664689 /* DepartureArrivalSheetViewModel.swift */; };
/* End PBXBuildFile section */

/* Begin PBXFileReference section */
		96050EB92A72B28B0011DE7E /* Either.swift */ = {isa = PBXFileReference; lastKnownFileType = sourcecode.swift; path = Either.swift; sourceTree = "<group>"; };
		96050EBB2A72B2F70011DE7E /* Either+PrimitiveButtonStyle.swift */ = {isa = PBXFileReference; lastKnownFileType = sourcecode.swift; path = "Either+PrimitiveButtonStyle.swift"; sourceTree = "<group>"; };
		96050EBD2A72BD300011DE7E /* DepartureArrivalViewModel.swift */ = {isa = PBXFileReference; lastKnownFileType = sourcecode.swift; path = DepartureArrivalViewModel.swift; sourceTree = "<group>"; };
		96050EBF2A72BD490011DE7E /* DepartureArrivalViewModelImpl.swift */ = {isa = PBXFileReference; lastKnownFileType = sourcecode.swift; path = DepartureArrivalViewModelImpl.swift; sourceTree = "<group>"; };
		96050EC92A7383D40011DE7E /* DepartureArrivalSheetViewModelImpl.swift */ = {isa = PBXFileReference; lastKnownFileType = sourcecode.swift; path = DepartureArrivalSheetViewModelImpl.swift; sourceTree = "<group>"; };
		96050ECE2A73BD6F0011DE7E /* Arrival.svg */ = {isa = PBXFileReference; lastKnownFileType = text; path = Arrival.svg; sourceTree = "<group>"; };
		96050ECF2A73BD6F0011DE7E /* Departure.svg */ = {isa = PBXFileReference; lastKnownFileType = text; path = Departure.svg; sourceTree = "<group>"; };
		96050ED02A73C4B00011DE7E /* Arrival-iteration2.svg */ = {isa = PBXFileReference; lastKnownFileType = text; path = "Arrival-iteration2.svg"; sourceTree = "<group>"; };
		96050ED12A73C4B00011DE7E /* Departure-iteration2.svg */ = {isa = PBXFileReference; lastKnownFileType = text; path = "Departure-iteration2.svg"; sourceTree = "<group>"; };
		96050ED22A73E12D0011DE7E /* SelectMRTStationView.swift */ = {isa = PBXFileReference; lastKnownFileType = sourcecode.swift; path = SelectMRTStationView.swift; sourceTree = "<group>"; };
		96050ED42A73E2900011DE7E /* Platform.swift */ = {isa = PBXFileReference; lastKnownFileType = sourcecode.swift; path = Platform.swift; sourceTree = "<group>"; };
		96050ED62A73E2A10011DE7E /* Schedule.swift */ = {isa = PBXFileReference; lastKnownFileType = sourcecode.swift; path = Schedule.swift; sourceTree = "<group>"; };
		960A55122A70EF1F00F8E9FC /* AlarmManager.swift */ = {isa = PBXFileReference; lastKnownFileType = sourcecode.swift; path = AlarmManager.swift; sourceTree = "<group>"; };
		960A55152A70EFA800F8E9FC /* NotificationManager.swift */ = {isa = PBXFileReference; lastKnownFileType = sourcecode.swift; path = NotificationManager.swift; sourceTree = "<group>"; };
		960A551A2A7146AF00F8E9FC /* PlayStopVibrationAudioInSmartphone.swift */ = {isa = PBXFileReference; lastKnownFileType = sourcecode.swift; path = PlayStopVibrationAudioInSmartphone.swift; sourceTree = "<group>"; };
		960A551C2A7146DC00F8E9FC /* PlayStopVibrationAudioInSmartphoneImpl.swift */ = {isa = PBXFileReference; lastKnownFileType = sourcecode.swift; path = PlayStopVibrationAudioInSmartphoneImpl.swift; sourceTree = "<group>"; };
		960A551F2A7157B000F8E9FC /* IsMutedMode.swift */ = {isa = PBXFileReference; lastKnownFileType = sourcecode.swift; path = IsMutedMode.swift; sourceTree = "<group>"; };
		960A55212A7157CF00F8E9FC /* IsMutedModeImpl.swift */ = {isa = PBXFileReference; lastKnownFileType = sourcecode.swift; path = IsMutedModeImpl.swift; sourceTree = "<group>"; };
		960A55262A716A1E00F8E9FC /* AlarmViewModelImpl.swift */ = {isa = PBXFileReference; lastKnownFileType = sourcecode.swift; path = AlarmViewModelImpl.swift; sourceTree = "<group>"; };
		960A55282A724EBB00F8E9FC /* MRT Jakarta Navigation Use Cases.drawio.png */ = {isa = PBXFileReference; lastKnownFileType = image.png; path = "MRT Jakarta Navigation Use Cases.drawio.png"; sourceTree = "<group>"; };
		960A552D2A726D4600F8E9FC /* DepartureArrivalScheduleView.swift */ = {isa = PBXFileReference; lastKnownFileType = sourcecode.swift; path = DepartureArrivalScheduleView.swift; sourceTree = "<group>"; };
		960A59062A6EA9FD000BE611 /* README.md */ = {isa = PBXFileReference; lastKnownFileType = net.daringfireball.markdown; path = README.md; sourceTree = "<group>"; xcLanguageSpecificationIdentifier = xcode.lang.markdown; };
		960A59072A6ED155000BE611 /* MRT.swift */ = {isa = PBXFileReference; lastKnownFileType = sourcecode.swift; path = MRT.swift; sourceTree = "<group>"; };
		960A59132A6ED731000BE611 /* id */ = {isa = PBXFileReference; lastKnownFileType = text.plist.strings; name = id; path = id.lproj/Localizable.strings; sourceTree = "<group>"; };
		960A591F2A6FA82B000BE611 /* Line.swift */ = {isa = PBXFileReference; lastKnownFileType = sourcecode.swift; path = Line.swift; sourceTree = "<group>"; };
		960A59212A6FD7CB000BE611 /* DepartureArrivalV2View.swift */ = {isa = PBXFileReference; lastKnownFileType = sourcecode.swift; path = DepartureArrivalV2View.swift; sourceTree = "<group>"; };
		960A87012A6D8C3C006874E5 /* NotifyWhenNearMRTStationWhenInBackground.swift */ = {isa = PBXFileReference; lastKnownFileType = sourcecode.swift; path = NotifyWhenNearMRTStationWhenInBackground.swift; sourceTree = "<group>"; };
		960A87032A6D8E48006874E5 /* NotifyWhenNearMRTStationWithBluetooth.swift */ = {isa = PBXFileReference; lastKnownFileType = sourcecode.swift; path = NotifyWhenNearMRTStationWithBluetooth.swift; sourceTree = "<group>"; };
		960A87062A6D8E88006874E5 /* Station.swift */ = {isa = PBXFileReference; lastKnownFileType = sourcecode.swift; path = Station.swift; sourceTree = "<group>"; };
		960A87082A6D8F0A006874E5 /* NotifyWhenNearMRTStationWithGPS.swift */ = {isa = PBXFileReference; lastKnownFileType = sourcecode.swift; path = NotifyWhenNearMRTStationWithGPS.swift; sourceTree = "<group>"; };
		960A87132A6D9147006874E5 /* NotifyWhenNearMRTStationOnce.swift */ = {isa = PBXFileReference; lastKnownFileType = sourcecode.swift; path = NotifyWhenNearMRTStationOnce.swift; sourceTree = "<group>"; };
		960A87182A6D9463006874E5 /* NotifyWhenNearMRTStationAndSpecificMRTStationOnce.swift */ = {isa = PBXFileReference; lastKnownFileType = sourcecode.swift; path = NotifyWhenNearMRTStationAndSpecificMRTStationOnce.swift; sourceTree = "<group>"; };
		960A871B2A6D967E006874E5 /* BeaconFinder.swift */ = {isa = PBXFileReference; lastKnownFileType = sourcecode.swift; path = BeaconFinder.swift; sourceTree = "<group>"; };
		960A871D2A6D972A006874E5 /* BeaconBroadcaster.swift */ = {isa = PBXFileReference; lastKnownFileType = sourcecode.swift; path = BeaconBroadcaster.swift; sourceTree = "<group>"; };
		960A87212A6D9838006874E5 /* LocationFinder.swift */ = {isa = PBXFileReference; lastKnownFileType = sourcecode.swift; path = LocationFinder.swift; sourceTree = "<group>"; };
		960A87242A6D9959006874E5 /* Notification.swift */ = {isa = PBXFileReference; lastKnownFileType = sourcecode.swift; path = Notification.swift; sourceTree = "<group>"; };
		960A87262A6D9C70006874E5 /* NotificatinImpl.swift */ = {isa = PBXFileReference; lastKnownFileType = sourcecode.swift; path = NotificatinImpl.swift; sourceTree = "<group>"; };
		960A87282A6D9C7A006874E5 /* NotificationImpl+Authorization.swift */ = {isa = PBXFileReference; lastKnownFileType = sourcecode.swift; path = "NotificationImpl+Authorization.swift"; sourceTree = "<group>"; };
		960A872A2A6D9CAE006874E5 /* LocationFinderImpl.swift */ = {isa = PBXFileReference; lastKnownFileType = sourcecode.swift; path = LocationFinderImpl.swift; sourceTree = "<group>"; };
		960A872C2A6D9CBC006874E5 /* BeaconBroadcasterImpl.swift */ = {isa = PBXFileReference; lastKnownFileType = sourcecode.swift; path = BeaconBroadcasterImpl.swift; sourceTree = "<group>"; };
		960A872E2A6D9CFB006874E5 /* BeaconFinderImpl.swift */ = {isa = PBXFileReference; lastKnownFileType = sourcecode.swift; path = BeaconFinderImpl.swift; sourceTree = "<group>"; };
		960A87302A6D9D8B006874E5 /* NotifyWhenNearMRTStationWithGPSImpl.swift */ = {isa = PBXFileReference; lastKnownFileType = sourcecode.swift; path = NotifyWhenNearMRTStationWithGPSImpl.swift; sourceTree = "<group>"; };
		960A87332A6D9DB6006874E5 /* NotifyWhenNearMRTStationWithBluetoothImpl.swift */ = {isa = PBXFileReference; lastKnownFileType = sourcecode.swift; path = NotifyWhenNearMRTStationWithBluetoothImpl.swift; sourceTree = "<group>"; };
		960A87352A6D9DEE006874E5 /* NotifyWhenNearMRTStationAndSpecificMRTStationOnceImpl.swift */ = {isa = PBXFileReference; lastKnownFileType = sourcecode.swift; path = NotifyWhenNearMRTStationAndSpecificMRTStationOnceImpl.swift; sourceTree = "<group>"; };
		960A87372A6D9E05006874E5 /* NotifyWhenNearMRTStationOnceImpl.swift */ = {isa = PBXFileReference; lastKnownFileType = sourcecode.swift; path = NotifyWhenNearMRTStationOnceImpl.swift; sourceTree = "<group>"; };
		960A87392A6D9E1E006874E5 /* NotifyWhenNearMRTStationWhenInBackgroundImpl.swift */ = {isa = PBXFileReference; lastKnownFileType = sourcecode.swift; path = NotifyWhenNearMRTStationWhenInBackgroundImpl.swift; sourceTree = "<group>"; };
		960A873C2A6D9E97006874E5 /* Alarm.swift */ = {isa = PBXFileReference; lastKnownFileType = sourcecode.swift; path = Alarm.swift; sourceTree = "<group>"; };
		960A873E2A6D9EB5006874E5 /* AlarmImpl.swift */ = {isa = PBXFileReference; lastKnownFileType = sourcecode.swift; path = AlarmImpl.swift; sourceTree = "<group>"; };
		960A87432A6D9F2A006874E5 /* MRTTrainSchedule.swift */ = {isa = PBXFileReference; lastKnownFileType = sourcecode.swift; path = MRTTrainSchedule.swift; sourceTree = "<group>"; };
		960A87452A6D9F7A006874E5 /* Train.swift */ = {isa = PBXFileReference; lastKnownFileType = sourcecode.swift; path = Train.swift; sourceTree = "<group>"; };
		960A87472A6DA043006874E5 /* MRTTrainScheduleImpl.swift */ = {isa = PBXFileReference; lastKnownFileType = sourcecode.swift; path = MRTTrainScheduleImpl.swift; sourceTree = "<group>"; };
		960A874E2A6DA67E006874E5 /* AlarmView.swift */ = {isa = PBXFileReference; lastKnownFileType = sourcecode.swift; path = AlarmView.swift; sourceTree = "<group>"; };
		960A87552A6E4D89006874E5 /* ChevronView.swift */ = {isa = PBXFileReference; lastKnownFileType = sourcecode.swift; path = ChevronView.swift; sourceTree = "<group>"; };
		9655E9492A7AECC400DFB581 /* AppDelegate.swift */ = {isa = PBXFileReference; lastKnownFileType = sourcecode.swift; path = AppDelegate.swift; sourceTree = "<group>"; };
		9655E94B2A7AECE000DFB581 /* SceneDelegate.swift */ = {isa = PBXFileReference; lastKnownFileType = sourcecode.swift; path = SceneDelegate.swift; sourceTree = "<group>"; };
		9655E94D2A7AECF400DFB581 /* RootView.swift */ = {isa = PBXFileReference; lastKnownFileType = sourcecode.swift; path = RootView.swift; sourceTree = "<group>"; };
		9655E94F2A7AF09000DFB581 /* Info.plist */ = {isa = PBXFileReference; lastKnownFileType = text.plist.xml; path = Info.plist; sourceTree = "<group>"; };
		9655E9522A7AF14100DFB581 /* ViewControllable.swift */ = {isa = PBXFileReference; lastKnownFileType = sourcecode.swift; path = ViewControllable.swift; sourceTree = "<group>"; };
		9655E9562A7AF1E800DFB581 /* HostingController.swift */ = {isa = PBXFileReference; lastKnownFileType = sourcecode.swift; path = HostingController.swift; sourceTree = "<group>"; };
		96611E212A7709A9004B5984 /* DepartureArrivalScheduleViewModelImpl.swift */ = {isa = PBXFileReference; lastKnownFileType = sourcecode.swift; path = DepartureArrivalScheduleViewModelImpl.swift; sourceTree = "<group>"; };
		96611E262A770C81004B5984 /* CommutingPage.swift */ = {isa = PBXFileReference; lastKnownFileType = sourcecode.swift; path = CommutingPage.swift; sourceTree = "<group>"; };
		96611E292A770C8F004B5984 /* CommutingPageViewModelImpl.swift */ = {isa = PBXFileReference; lastKnownFileType = sourcecode.swift; path = CommutingPageViewModelImpl.swift; sourceTree = "<group>"; };
		9691D4462A6D77E800EE843C /* ProtocolExample.app */ = {isa = PBXFileReference; explicitFileType = wrapper.application; includeInIndex = 0; path = ProtocolExample.app; sourceTree = BUILT_PRODUCTS_DIR; };
		9691D44D2A6D77E900EE843C /* Assets.xcassets */ = {isa = PBXFileReference; lastKnownFileType = folder.assetcatalog; path = Assets.xcassets; sourceTree = "<group>"; };
		9691D4502A6D77E900EE843C /* Preview Assets.xcassets */ = {isa = PBXFileReference; lastKnownFileType = folder.assetcatalog; path = "Preview Assets.xcassets"; sourceTree = "<group>"; };
		9691D45B2A6D781200EE843C /* DepartureArrivalV1View.swift */ = {isa = PBXFileReference; lastKnownFileType = sourcecode.swift; path = DepartureArrivalV1View.swift; sourceTree = "<group>"; };
		96AACDE82A6FE8CD00534E72 /* DepartureArrivalV2View+DepartureV2View.swift */ = {isa = PBXFileReference; lastKnownFileType = sourcecode.swift; path = "DepartureArrivalV2View+DepartureV2View.swift"; sourceTree = "<group>"; };
		96AACDEA2A6FE8E900534E72 /* DepartureArrivalV2View+ArrivalV2View.swift */ = {isa = PBXFileReference; lastKnownFileType = sourcecode.swift; path = "DepartureArrivalV2View+ArrivalV2View.swift"; sourceTree = "<group>"; };
		96AACDEC2A6FE90000534E72 /* DepartureArrivalV2View+PlusCircleView.swift */ = {isa = PBXFileReference; lastKnownFileType = sourcecode.swift; path = "DepartureArrivalV2View+PlusCircleView.swift"; sourceTree = "<group>"; };
		96AACDEF2A6FE9D600534E72 /* DepartureArrivalViewModelV2Impl.swift */ = {isa = PBXFileReference; lastKnownFileType = sourcecode.swift; path = DepartureArrivalViewModelV2Impl.swift; sourceTree = "<group>"; };
		96AACDF32A6FEAFF00534E72 /* DepartureArrivalV1View+DepartureArrivalButtonView.swift */ = {isa = PBXFileReference; lastKnownFileType = sourcecode.swift; path = "DepartureArrivalV1View+DepartureArrivalButtonView.swift"; sourceTree = "<group>"; };
		96AACDFB2A6FEE6800534E72 /* DepartureArrivalPage.swift */ = {isa = PBXFileReference; lastKnownFileType = sourcecode.swift; path = DepartureArrivalPage.swift; sourceTree = "<group>"; };
		96BB00E02A8275A600073134 /* NavigationController.swift */ = {isa = PBXFileReference; lastKnownFileType = sourcecode.swift; path = NavigationController.swift; sourceTree = "<group>"; };
		96BB00E22A8276E800073134 /* RootCoordinator.swift */ = {isa = PBXFileReference; lastKnownFileType = sourcecode.swift; path = RootCoordinator.swift; sourceTree = "<group>"; };
		96BB00E52A82770800073134 /* Coordinator.swift */ = {isa = PBXFileReference; lastKnownFileType = sourcecode.swift; path = Coordinator.swift; sourceTree = "<group>"; };
		96BB00E72A82777500073134 /* NavigationRoute.swift */ = {isa = PBXFileReference; lastKnownFileType = sourcecode.swift; path = NavigationRoute.swift; sourceTree = "<group>"; };
		96BB00EA2A82781F00073134 /* RootRoute.swift */ = {isa = PBXFileReference; lastKnownFileType = sourcecode.swift; path = RootRoute.swift; sourceTree = "<group>"; };
		96BB00F02A827CEB00073134 /* MRTNavigationRoute.swift */ = {isa = PBXFileReference; lastKnownFileType = sourcecode.swift; path = MRTNavigationRoute.swift; sourceTree = "<group>"; };
		96BB00F22A827D3300073134 /* MRTNavigationCoordinator.swift */ = {isa = PBXFileReference; lastKnownFileType = sourcecode.swift; path = MRTNavigationCoordinator.swift; sourceTree = "<group>"; };
		96BB00F42A8282ED00073134 /* DepartureArrivalSheet.swift */ = {isa = PBXFileReference; lastKnownFileType = sourcecode.swift; path = DepartureArrivalSheet.swift; sourceTree = "<group>"; };
		96BB00FA2A82B1CB00073134 /* DepartureArrivalScheduleViewModel.swift */ = {isa = PBXFileReference; lastKnownFileType = sourcecode.swift; path = DepartureArrivalScheduleViewModel.swift; sourceTree = "<group>"; };
		96C7BAB72A84C43700D0CFE0 /* DepartureArrivalPageViewModel.swift */ = {isa = PBXFileReference; lastKnownFileType = sourcecode.swift; path = DepartureArrivalPageViewModel.swift; sourceTree = "<group>"; };
		96C7BAB92A84C45700D0CFE0 /* DepartureArrivalPageViewModelImpl.swift */ = {isa = PBXFileReference; lastKnownFileType = sourcecode.swift; path = DepartureArrivalPageViewModelImpl.swift; sourceTree = "<group>"; };
		96E2472C2A78E67000664689 /* CommutingPageViewModel.swift */ = {isa = PBXFileReference; lastKnownFileType = sourcecode.swift; path = CommutingPageViewModel.swift; sourceTree = "<group>"; };
		96E2472E2A78E7AF00664689 /* AlarmViewModel.swift */ = {isa = PBXFileReference; lastKnownFileType = sourcecode.swift; path = AlarmViewModel.swift; sourceTree = "<group>"; };
		96E247302A790D4400664689 /* DepartureArrivalSheetViewModel.swift */ = {isa = PBXFileReference; lastKnownFileType = sourcecode.swift; path = DepartureArrivalSheetViewModel.swift; sourceTree = "<group>"; };
		96E247322A790F5400664689 /* DepartureArrivalComponent.svg */ = {isa = PBXFileReference; lastKnownFileType = text; path = DepartureArrivalComponent.svg; sourceTree = "<group>"; };
		96F1BDB02A8DCB54002C7708 /* MRT Jakarta Navigation Use Cases-Clean Architecture Programming.drawio.svg */ = {isa = PBXFileReference; lastKnownFileType = text.xml; path = "MRT Jakarta Navigation Use Cases-Clean Architecture Programming.drawio.svg"; sourceTree = "<group>"; };
/* End PBXFileReference section */

/* Begin PBXFrameworksBuildPhase section */
		9691D4432A6D77E800EE843C /* Frameworks */ = {
			isa = PBXFrameworksBuildPhase;
			buildActionMask = 2147483647;
			files = (
			);
			runOnlyForDeploymentPostprocessing = 0;
		};
/* End PBXFrameworksBuildPhase section */

/* Begin PBXGroup section */
		960A55172A71468100F8E9FC /* PlayStopVibrationAudioInSmartphone */ = {
			isa = PBXGroup;
			children = (
				960A55182A71469F00F8E9FC /* Domain */,
			);
			path = PlayStopVibrationAudioInSmartphone;
			sourceTree = "<group>";
		};
		960A55182A71469F00F8E9FC /* Domain */ = {
			isa = PBXGroup;
			children = (
				960A55192A7146A500F8E9FC /* UseCases */,
			);
			path = Domain;
			sourceTree = "<group>";
		};
		960A55192A7146A500F8E9FC /* UseCases */ = {
			isa = PBXGroup;
			children = (
				960A551A2A7146AF00F8E9FC /* PlayStopVibrationAudioInSmartphone.swift */,
				960A551C2A7146DC00F8E9FC /* PlayStopVibrationAudioInSmartphoneImpl.swift */,
			);
			path = UseCases;
			sourceTree = "<group>";
		};
		960A551E2A7157A100F8E9FC /* UserSettings */ = {
			isa = PBXGroup;
			children = (
				960A55242A71660700F8E9FC /* Domain */,
			);
			path = UserSettings;
			sourceTree = "<group>";
		};
		960A55232A71660100F8E9FC /* UseCases */ = {
			isa = PBXGroup;
			children = (
				960A551F2A7157B000F8E9FC /* IsMutedMode.swift */,
				960A55212A7157CF00F8E9FC /* IsMutedModeImpl.swift */,
			);
			path = UseCases;
			sourceTree = "<group>";
		};
		960A55242A71660700F8E9FC /* Domain */ = {
			isa = PBXGroup;
			children = (
				960A55232A71660100F8E9FC /* UseCases */,
			);
			path = Domain;
			sourceTree = "<group>";
		};
		960A55252A716A1600F8E9FC /* ViewModels */ = {
			isa = PBXGroup;
			children = (
				96E2472E2A78E7AF00664689 /* AlarmViewModel.swift */,
				960A55262A716A1E00F8E9FC /* AlarmViewModelImpl.swift */,
			);
			path = ViewModels;
			sourceTree = "<group>";
		};
		960A59092A6ED691000BE611 /* Resources */ = {
			isa = PBXGroup;
			children = (
				9691D44D2A6D77E900EE843C /* Assets.xcassets */,
				960A59122A6ED706000BE611 /* Localizable.strings */,
			);
			path = Resources;
			sourceTree = "<group>";
		};
		960A591D2A6FA81F000BE611 /* Presentation */ = {
			isa = PBXGroup;
			children = (
				96BB00E42A82770100073134 /* Coordinator */,
				960A591E2A6FA823000BE611 /* Components */,
			);
			path = Presentation;
			sourceTree = "<group>";
		};
		960A591E2A6FA823000BE611 /* Components */ = {
			isa = PBXGroup;
			children = (
				960A87552A6E4D89006874E5 /* ChevronView.swift */,
				960A591F2A6FA82B000BE611 /* Line.swift */,
			);
			path = Components;
			sourceTree = "<group>";
		};
		960A86FA2A6D8B2E006874E5 /* Core */ = {
			isa = PBXGroup;
			children = (
				960A591D2A6FA81F000BE611 /* Presentation */,
				96AACDF72A6FEDC200534E72 /* Navigation */,
				960A55172A71468100F8E9FC /* PlayStopVibrationAudioInSmartphone */,
				960A551E2A7157A100F8E9FC /* UserSettings */,
				960A871A2A6D9676006874E5 /* BeaconFinder */,
				960A871F2A6D972D006874E5 /* BeaconBroadcaster */,
				960A87202A6D981F006874E5 /* LocationFinder */,
				960A874B2A6DA133006874E5 /* MRTNavigation */,
				960A873B2A6D9E8E006874E5 /* AlarmManager */,
				960A87232A6D994D006874E5 /* NotificationManager */,
				960A86FB2A6D8B32006874E5 /* Button */,
			);
			path = Core;
			sourceTree = "<group>";
		};
		960A86FB2A6D8B32006874E5 /* Button */ = {
			isa = PBXGroup;
			children = (
				96050EB92A72B28B0011DE7E /* Either.swift */,
				96050EBB2A72B2F70011DE7E /* Either+PrimitiveButtonStyle.swift */,
			);
			path = Button;
			sourceTree = "<group>";
		};
		960A86FE2A6D8BF2006874E5 /* NotityWhenNearMRTStationWhenInBacgkround */ = {
			isa = PBXGroup;
			children = (
				960A86FF2A6D8C1F006874E5 /* Domain */,
			);
			path = NotityWhenNearMRTStationWhenInBacgkround;
			sourceTree = "<group>";
		};
		960A86FF2A6D8C1F006874E5 /* Domain */ = {
			isa = PBXGroup;
			children = (
				960A87002A6D8C23006874E5 /* UseCases */,
			);
			path = Domain;
			sourceTree = "<group>";
		};
		960A87002A6D8C23006874E5 /* UseCases */ = {
			isa = PBXGroup;
			children = (
				960A87012A6D8C3C006874E5 /* NotifyWhenNearMRTStationWhenInBackground.swift */,
				960A87392A6D9E1E006874E5 /* NotifyWhenNearMRTStationWhenInBackgroundImpl.swift */,
			);
			path = UseCases;
			sourceTree = "<group>";
		};
		960A870A2A6D90D4006874E5 /* NotifyWhenNearMRTStationWithBluetooth */ = {
			isa = PBXGroup;
			children = (
				960A87032A6D8E48006874E5 /* NotifyWhenNearMRTStationWithBluetooth.swift */,
				960A87332A6D9DB6006874E5 /* NotifyWhenNearMRTStationWithBluetoothImpl.swift */,
			);
			path = NotifyWhenNearMRTStationWithBluetooth;
			sourceTree = "<group>";
		};
		960A870D2A6D90EF006874E5 /* NotifyWhenNearMRTStationWithGPS */ = {
			isa = PBXGroup;
			children = (
				960A87082A6D8F0A006874E5 /* NotifyWhenNearMRTStationWithGPS.swift */,
				960A87302A6D9D8B006874E5 /* NotifyWhenNearMRTStationWithGPSImpl.swift */,
			);
			path = NotifyWhenNearMRTStationWithGPS;
			sourceTree = "<group>";
		};
		960A87102A6D912B006874E5 /* NotifyWhenNearMRTStationOnce */ = {
			isa = PBXGroup;
			children = (
				960A87112A6D913A006874E5 /* Domain */,
			);
			path = NotifyWhenNearMRTStationOnce;
			sourceTree = "<group>";
		};
		960A87112A6D913A006874E5 /* Domain */ = {
			isa = PBXGroup;
			children = (
				960A87122A6D913D006874E5 /* UseCases */,
			);
			path = Domain;
			sourceTree = "<group>";
		};
		960A87122A6D913D006874E5 /* UseCases */ = {
			isa = PBXGroup;
			children = (
				960A87132A6D9147006874E5 /* NotifyWhenNearMRTStationOnce.swift */,
				960A87372A6D9E05006874E5 /* NotifyWhenNearMRTStationOnceImpl.swift */,
			);
			path = UseCases;
			sourceTree = "<group>";
		};
		960A87152A6D93F5006874E5 /* NotifyWhenNearMRTStationAndSpecificMRTStationOnce */ = {
			isa = PBXGroup;
			children = (
				960A87162A6D9440006874E5 /* Domain */,
			);
			path = NotifyWhenNearMRTStationAndSpecificMRTStationOnce;
			sourceTree = "<group>";
		};
		960A87162A6D9440006874E5 /* Domain */ = {
			isa = PBXGroup;
			children = (
				960A87172A6D9444006874E5 /* UseCases */,
			);
			path = Domain;
			sourceTree = "<group>";
		};
		960A87172A6D9444006874E5 /* UseCases */ = {
			isa = PBXGroup;
			children = (
				960A87182A6D9463006874E5 /* NotifyWhenNearMRTStationAndSpecificMRTStationOnce.swift */,
				960A87352A6D9DEE006874E5 /* NotifyWhenNearMRTStationAndSpecificMRTStationOnceImpl.swift */,
			);
			path = UseCases;
			sourceTree = "<group>";
		};
		960A871A2A6D9676006874E5 /* BeaconFinder */ = {
			isa = PBXGroup;
			children = (
				960A871B2A6D967E006874E5 /* BeaconFinder.swift */,
				960A872E2A6D9CFB006874E5 /* BeaconFinderImpl.swift */,
			);
			path = BeaconFinder;
			sourceTree = "<group>";
		};
		960A871F2A6D972D006874E5 /* BeaconBroadcaster */ = {
			isa = PBXGroup;
			children = (
				960A871D2A6D972A006874E5 /* BeaconBroadcaster.swift */,
				960A872C2A6D9CBC006874E5 /* BeaconBroadcasterImpl.swift */,
			);
			path = BeaconBroadcaster;
			sourceTree = "<group>";
		};
		960A87202A6D981F006874E5 /* LocationFinder */ = {
			isa = PBXGroup;
			children = (
				960A87212A6D9838006874E5 /* LocationFinder.swift */,
				960A872A2A6D9CAE006874E5 /* LocationFinderImpl.swift */,
			);
			path = LocationFinder;
			sourceTree = "<group>";
		};
		960A87232A6D994D006874E5 /* NotificationManager */ = {
			isa = PBXGroup;
			children = (
				960A87242A6D9959006874E5 /* Notification.swift */,
				960A87262A6D9C70006874E5 /* NotificatinImpl.swift */,
				960A87282A6D9C7A006874E5 /* NotificationImpl+Authorization.swift */,
				960A55152A70EFA800F8E9FC /* NotificationManager.swift */,
			);
			path = NotificationManager;
			sourceTree = "<group>";
		};
		960A873B2A6D9E8E006874E5 /* AlarmManager */ = {
			isa = PBXGroup;
			children = (
				960A873C2A6D9E97006874E5 /* Alarm.swift */,
				960A873E2A6D9EB5006874E5 /* AlarmImpl.swift */,
				960A55122A70EF1F00F8E9FC /* AlarmManager.swift */,
			);
			path = AlarmManager;
			sourceTree = "<group>";
		};
		960A87402A6D9EFE006874E5 /* MRTTrainSchedule */ = {
			isa = PBXGroup;
			children = (
				960A87412A6D9F11006874E5 /* Domain */,
			);
			path = MRTTrainSchedule;
			sourceTree = "<group>";
		};
		960A87412A6D9F11006874E5 /* Domain */ = {
			isa = PBXGroup;
			children = (
				960A87422A6D9F15006874E5 /* UseCases */,
			);
			path = Domain;
			sourceTree = "<group>";
		};
		960A87422A6D9F15006874E5 /* UseCases */ = {
			isa = PBXGroup;
			children = (
				960A87432A6D9F2A006874E5 /* MRTTrainSchedule.swift */,
				960A87472A6DA043006874E5 /* MRTTrainScheduleImpl.swift */,
			);
			path = UseCases;
			sourceTree = "<group>";
		};
		960A87492A6DA0BE006874E5 /* Presentation */ = {
			isa = PBXGroup;
			children = (
				96AACDFA2A6FEE5300534E72 /* Pages */,
				96AACDEE2A6FE9C300534E72 /* ViewModels */,
				9691D45A2A6D780400EE843C /* Components */,
			);
			path = Presentation;
			sourceTree = "<group>";
		};
		960A874A2A6DA129006874E5 /* MRTNavigation */ = {
			isa = PBXGroup;
			children = (
				96BB00EF2A827CDF00073134 /* Coordinator */,
				9691D4582A6D77F200EE843C /* DepartureArrival */,
				96611E232A770C71004B5984 /* Commuting */,
				960A874C2A6DA673006874E5 /* Alarm */,
				960A87402A6D9EFE006874E5 /* MRTTrainSchedule */,
				960A87152A6D93F5006874E5 /* NotifyWhenNearMRTStationAndSpecificMRTStationOnce */,
				960A87102A6D912B006874E5 /* NotifyWhenNearMRTStationOnce */,
				960A86FE2A6D8BF2006874E5 /* NotityWhenNearMRTStationWhenInBacgkround */,
			);
			path = MRTNavigation;
			sourceTree = "<group>";
		};
		960A874B2A6DA133006874E5 /* MRTNavigation */ = {
			isa = PBXGroup;
			children = (
				96611DF52A76BF99004B5984 /* Domain */,
			);
			path = MRTNavigation;
			sourceTree = "<group>";
		};
		960A874C2A6DA673006874E5 /* Alarm */ = {
			isa = PBXGroup;
			children = (
				960A87502A6DAED0006874E5 /* Presentation */,
			);
			path = Alarm;
			sourceTree = "<group>";
		};
		960A874D2A6DA677006874E5 /* Components */ = {
			isa = PBXGroup;
			children = (
				960A874E2A6DA67E006874E5 /* AlarmView.swift */,
			);
			path = Components;
			sourceTree = "<group>";
		};
		960A87502A6DAED0006874E5 /* Presentation */ = {
			isa = PBXGroup;
			children = (
				960A55252A716A1600F8E9FC /* ViewModels */,
				960A874D2A6DA677006874E5 /* Components */,
			);
			path = Presentation;
			sourceTree = "<group>";
		};
		96611DF52A76BF99004B5984 /* Domain */ = {
			isa = PBXGroup;
			children = (
				96611DF72A76BFA8004B5984 /* Entities */,
				96611DF62A76BF9D004B5984 /* UseCases */,
			);
			path = Domain;
			sourceTree = "<group>";
		};
		96611DF62A76BF9D004B5984 /* UseCases */ = {
			isa = PBXGroup;
			children = (
				960A870D2A6D90EF006874E5 /* NotifyWhenNearMRTStationWithGPS */,
				960A870A2A6D90D4006874E5 /* NotifyWhenNearMRTStationWithBluetooth */,
			);
			path = UseCases;
			sourceTree = "<group>";
		};
		96611DF72A76BFA8004B5984 /* Entities */ = {
			isa = PBXGroup;
			children = (
				960A87062A6D8E88006874E5 /* Station.swift */,
				96050ED42A73E2900011DE7E /* Platform.swift */,
				960A87452A6D9F7A006874E5 /* Train.swift */,
				96050ED62A73E2A10011DE7E /* Schedule.swift */,
				960A59072A6ED155000BE611 /* MRT.swift */,
			);
			path = Entities;
			sourceTree = "<group>";
		};
		96611E232A770C71004B5984 /* Commuting */ = {
			isa = PBXGroup;
			children = (
				96611E242A770C76004B5984 /* Presentation */,
			);
			path = Commuting;
			sourceTree = "<group>";
		};
		96611E242A770C76004B5984 /* Presentation */ = {
			isa = PBXGroup;
			children = (
				96611E282A770C85004B5984 /* ViewModels */,
				96611E252A770C7A004B5984 /* Page */,
			);
			path = Presentation;
			sourceTree = "<group>";
		};
		96611E252A770C7A004B5984 /* Page */ = {
			isa = PBXGroup;
			children = (
				96611E262A770C81004B5984 /* CommutingPage.swift */,
			);
			path = Page;
			sourceTree = "<group>";
		};
		96611E282A770C85004B5984 /* ViewModels */ = {
			isa = PBXGroup;
			children = (
				96E2472C2A78E67000664689 /* CommutingPageViewModel.swift */,
				96611E292A770C8F004B5984 /* CommutingPageViewModelImpl.swift */,
			);
			path = ViewModels;
			sourceTree = "<group>";
		};
		96611E2B2A771EA8004B5984 /* App */ = {
			isa = PBXGroup;
			children = (
				9655E9492A7AECC400DFB581 /* AppDelegate.swift */,
				9655E94B2A7AECE000DFB581 /* SceneDelegate.swift */,
			);
			path = App;
			sourceTree = "<group>";
		};
		9691D43D2A6D77E800EE843C = {
			isa = PBXGroup;
			children = (
				96F0F29D2A75AB3F00675133 /* assets */,
				960A59062A6EA9FD000BE611 /* README.md */,
				9691D4482A6D77E800EE843C /* ProtocolExample */,
				9691D4472A6D77E800EE843C /* Products */,
			);
			sourceTree = "<group>";
		};
		9691D4472A6D77E800EE843C /* Products */ = {
			isa = PBXGroup;
			children = (
				9691D4462A6D77E800EE843C /* ProtocolExample.app */,
			);
			name = Products;
			sourceTree = "<group>";
		};
		9691D4482A6D77E800EE843C /* ProtocolExample */ = {
			isa = PBXGroup;
			children = (
				9655E94F2A7AF09000DFB581 /* Info.plist */,
				96611E2B2A771EA8004B5984 /* App */,
				960A59092A6ED691000BE611 /* Resources */,
				960A86FA2A6D8B2E006874E5 /* Core */,
				9691D4572A6D77EE00EE843C /* Features */,
				9691D44F2A6D77E900EE843C /* Preview Content */,
			);
			path = ProtocolExample;
			sourceTree = "<group>";
		};
		9691D44F2A6D77E900EE843C /* Preview Content */ = {
			isa = PBXGroup;
			children = (
				9691D4502A6D77E900EE843C /* Preview Assets.xcassets */,
			);
			path = "Preview Content";
			sourceTree = "<group>";
		};
		9691D4572A6D77EE00EE843C /* Features */ = {
			isa = PBXGroup;
			children = (
				96BB00E92A82781400073134 /* Root */,
				960A874A2A6DA129006874E5 /* MRTNavigation */,
			);
			path = Features;
			sourceTree = "<group>";
		};
		9691D4582A6D77F200EE843C /* DepartureArrival */ = {
			isa = PBXGroup;
			children = (
				960A87492A6DA0BE006874E5 /* Presentation */,
			);
			path = DepartureArrival;
			sourceTree = "<group>";
		};
		9691D45A2A6D780400EE843C /* Components */ = {
			isa = PBXGroup;
			children = (
				96AACDF62A6FECEF00534E72 /* V1 */,
				96AACDF52A6FECE800534E72 /* V2 */,
				960A552D2A726D4600F8E9FC /* DepartureArrivalScheduleView.swift */,
				96050ED22A73E12D0011DE7E /* SelectMRTStationView.swift */,
			);
			path = Components;
			sourceTree = "<group>";
		};
		96AACDEE2A6FE9C300534E72 /* ViewModels */ = {
			isa = PBXGroup;
			children = (
				96C7BAB72A84C43700D0CFE0 /* DepartureArrivalPageViewModel.swift */,
				96C7BAB92A84C45700D0CFE0 /* DepartureArrivalPageViewModelImpl.swift */,
				96E247302A790D4400664689 /* DepartureArrivalSheetViewModel.swift */,
				96050EC92A7383D40011DE7E /* DepartureArrivalSheetViewModelImpl.swift */,
				96050EBD2A72BD300011DE7E /* DepartureArrivalViewModel.swift */,
				96050EBF2A72BD490011DE7E /* DepartureArrivalViewModelImpl.swift */,
				96AACDEF2A6FE9D600534E72 /* DepartureArrivalViewModelV2Impl.swift */,
				96BB00FA2A82B1CB00073134 /* DepartureArrivalScheduleViewModel.swift */,
				96611E212A7709A9004B5984 /* DepartureArrivalScheduleViewModelImpl.swift */,
			);
			path = ViewModels;
			sourceTree = "<group>";
		};
		96AACDF52A6FECE800534E72 /* V2 */ = {
			isa = PBXGroup;
			children = (
				960A59212A6FD7CB000BE611 /* DepartureArrivalV2View.swift */,
				96AACDE82A6FE8CD00534E72 /* DepartureArrivalV2View+DepartureV2View.swift */,
				96AACDEA2A6FE8E900534E72 /* DepartureArrivalV2View+ArrivalV2View.swift */,
				96AACDEC2A6FE90000534E72 /* DepartureArrivalV2View+PlusCircleView.swift */,
			);
			path = V2;
			sourceTree = "<group>";
		};
		96AACDF62A6FECEF00534E72 /* V1 */ = {
			isa = PBXGroup;
			children = (
				9691D45B2A6D781200EE843C /* DepartureArrivalV1View.swift */,
				96AACDF32A6FEAFF00534E72 /* DepartureArrivalV1View+DepartureArrivalButtonView.swift */,
			);
			path = V1;
			sourceTree = "<group>";
		};
		96AACDF72A6FEDC200534E72 /* Navigation */ = {
			isa = PBXGroup;
			children = (
				96BB00E02A8275A600073134 /* NavigationController.swift */,
				9655E9522A7AF14100DFB581 /* ViewControllable.swift */,
				9655E9562A7AF1E800DFB581 /* HostingController.swift */,
			);
			path = Navigation;
			sourceTree = "<group>";
		};
		96AACDFA2A6FEE5300534E72 /* Pages */ = {
			isa = PBXGroup;
			children = (
				96AACDFB2A6FEE6800534E72 /* DepartureArrivalPage.swift */,
				96BB00F42A8282ED00073134 /* DepartureArrivalSheet.swift */,
			);
			path = Pages;
			sourceTree = "<group>";
		};
		96BB00E42A82770100073134 /* Coordinator */ = {
			isa = PBXGroup;
			children = (
				96BB00E72A82777500073134 /* NavigationRoute.swift */,
				96BB00E52A82770800073134 /* Coordinator.swift */,
			);
			path = Coordinator;
			sourceTree = "<group>";
		};
		96BB00E92A82781400073134 /* Root */ = {
			isa = PBXGroup;
			children = (
				96BB00ED2A82784600073134 /* Coordinator */,
				96BB00EC2A82784200073134 /* Presentation */,
			);
			path = Root;
			sourceTree = "<group>";
		};
		96BB00EC2A82784200073134 /* Presentation */ = {
			isa = PBXGroup;
			children = (
				96BB00EE2A82785100073134 /* Pages */,
			);
			path = Presentation;
			sourceTree = "<group>";
		};
		96BB00ED2A82784600073134 /* Coordinator */ = {
			isa = PBXGroup;
			children = (
				96BB00EA2A82781F00073134 /* RootRoute.swift */,
				96BB00E22A8276E800073134 /* RootCoordinator.swift */,
			);
			path = Coordinator;
			sourceTree = "<group>";
		};
		96BB00EE2A82785100073134 /* Pages */ = {
			isa = PBXGroup;
			children = (
				9655E94D2A7AECF400DFB581 /* RootView.swift */,
			);
			path = Pages;
			sourceTree = "<group>";
		};
		96BB00EF2A827CDF00073134 /* Coordinator */ = {
			isa = PBXGroup;
			children = (
				96BB00F02A827CEB00073134 /* MRTNavigationRoute.swift */,
				96BB00F22A827D3300073134 /* MRTNavigationCoordinator.swift */,
			);
			path = Coordinator;
			sourceTree = "<group>";
		};
		96F0F29D2A75AB3F00675133 /* assets */ = {
			isa = PBXGroup;
			children = (
				96E247322A790F5400664689 /* DepartureArrivalComponent.svg */,
				96F1BDB02A8DCB54002C7708 /* MRT Jakarta Navigation Use Cases-Clean Architecture Programming.drawio.svg */,
				960A55282A724EBB00F8E9FC /* MRT Jakarta Navigation Use Cases.drawio.png */,
				96050ED02A73C4B00011DE7E /* Arrival-iteration2.svg */,
				96050ED12A73C4B00011DE7E /* Departure-iteration2.svg */,
				96050ECE2A73BD6F0011DE7E /* Arrival.svg */,
				96050ECF2A73BD6F0011DE7E /* Departure.svg */,
			);
			path = assets;
			sourceTree = "<group>";
		};
/* End PBXGroup section */

/* Begin PBXNativeTarget section */
		9691D4452A6D77E800EE843C /* ProtocolExample */ = {
			isa = PBXNativeTarget;
			buildConfigurationList = 9691D4542A6D77E900EE843C /* Build configuration list for PBXNativeTarget "ProtocolExample" */;
			buildPhases = (
				9691D4422A6D77E800EE843C /* Sources */,
				9691D4432A6D77E800EE843C /* Frameworks */,
				9691D4442A6D77E800EE843C /* Resources */,
			);
			buildRules = (
			);
			dependencies = (
			);
			name = ProtocolExample;
			productName = ProtocolExample;
			productReference = 9691D4462A6D77E800EE843C /* ProtocolExample.app */;
			productType = "com.apple.product-type.application";
		};
/* End PBXNativeTarget section */

/* Begin PBXProject section */
		9691D43E2A6D77E800EE843C /* Project object */ = {
			isa = PBXProject;
			attributes = {
				BuildIndependentTargetsInParallel = 1;
				LastSwiftUpdateCheck = 1430;
				LastUpgradeCheck = 1430;
				TargetAttributes = {
					9691D4452A6D77E800EE843C = {
						CreatedOnToolsVersion = 14.3;
					};
				};
			};
			buildConfigurationList = 9691D4412A6D77E800EE843C /* Build configuration list for PBXProject "ProtocolExample" */;
			compatibilityVersion = "Xcode 14.0";
			developmentRegion = en;
			hasScannedForEncodings = 0;
			knownRegions = (
				en,
				Base,
				id,
			);
			mainGroup = 9691D43D2A6D77E800EE843C;
			productRefGroup = 9691D4472A6D77E800EE843C /* Products */;
			projectDirPath = "";
			projectRoot = "";
			targets = (
				9691D4452A6D77E800EE843C /* ProtocolExample */,
			);
		};
/* End PBXProject section */

/* Begin PBXResourcesBuildPhase section */
		9691D4442A6D77E800EE843C /* Resources */ = {
			isa = PBXResourcesBuildPhase;
			buildActionMask = 2147483647;
			files = (
				9691D4512A6D77E900EE843C /* Preview Assets.xcassets in Resources */,
				960A59102A6ED706000BE611 /* Localizable.strings in Resources */,
				9691D44E2A6D77E900EE843C /* Assets.xcassets in Resources */,
			);
			runOnlyForDeploymentPostprocessing = 0;
		};
/* End PBXResourcesBuildPhase section */

/* Begin PBXSourcesBuildPhase section */
		9691D4422A6D77E800EE843C /* Sources */ = {
			isa = PBXSourcesBuildPhase;
			buildActionMask = 2147483647;
			files = (
				9655E94A2A7AECC400DFB581 /* AppDelegate.swift in Sources */,
				960A87042A6D8E48006874E5 /* NotifyWhenNearMRTStationWithBluetooth.swift in Sources */,
				96C7BAB82A84C43700D0CFE0 /* DepartureArrivalPageViewModel.swift in Sources */,
				960A871C2A6D967E006874E5 /* BeaconFinder.swift in Sources */,
				960A87382A6D9E05006874E5 /* NotifyWhenNearMRTStationOnceImpl.swift in Sources */,
				9691D45C2A6D781200EE843C /* DepartureArrivalV1View.swift in Sources */,
				960A87252A6D9959006874E5 /* Notification.swift in Sources */,
				96611E272A770C81004B5984 /* CommutingPage.swift in Sources */,
				960A87022A6D8C3C006874E5 /* NotifyWhenNearMRTStationWhenInBackground.swift in Sources */,
				9655E94C2A7AECE000DFB581 /* SceneDelegate.swift in Sources */,
				96BB00F12A827CEB00073134 /* MRTNavigationRoute.swift in Sources */,
				960A87292A6D9C7A006874E5 /* NotificationImpl+Authorization.swift in Sources */,
				960A55272A716A1E00F8E9FC /* AlarmViewModelImpl.swift in Sources */,
				96050ED72A73E2A10011DE7E /* Schedule.swift in Sources */,
				96050ECA2A7383D40011DE7E /* DepartureArrivalSheetViewModelImpl.swift in Sources */,
				9655E9532A7AF14100DFB581 /* ViewControllable.swift in Sources */,
				960A87562A6E4D89006874E5 /* ChevronView.swift in Sources */,
				96050EBA2A72B28B0011DE7E /* Either.swift in Sources */,
				96AACDFC2A6FEE6800534E72 /* DepartureArrivalPage.swift in Sources */,
				96AACDF02A6FE9D600534E72 /* DepartureArrivalViewModelV2Impl.swift in Sources */,
				96BB00F52A8282ED00073134 /* DepartureArrivalSheet.swift in Sources */,
				96AACDEB2A6FE8E900534E72 /* DepartureArrivalV2View+ArrivalV2View.swift in Sources */,
				96C7BABA2A84C45700D0CFE0 /* DepartureArrivalPageViewModelImpl.swift in Sources */,
				960A87342A6D9DB6006874E5 /* NotifyWhenNearMRTStationWithBluetoothImpl.swift in Sources */,
				9655E94E2A7AECF400DFB581 /* RootView.swift in Sources */,
				96050EC02A72BD490011DE7E /* DepartureArrivalViewModelImpl.swift in Sources */,
				96611E222A7709A9004B5984 /* DepartureArrivalScheduleViewModelImpl.swift in Sources */,
				960A87092A6D8F0A006874E5 /* NotifyWhenNearMRTStationWithGPS.swift in Sources */,
				96AACDED2A6FE90000534E72 /* DepartureArrivalV2View+PlusCircleView.swift in Sources */,
				960A87442A6D9F2A006874E5 /* MRTTrainSchedule.swift in Sources */,
				96050ED32A73E12D0011DE7E /* SelectMRTStationView.swift in Sources */,
				960A87362A6D9DEE006874E5 /* NotifyWhenNearMRTStationAndSpecificMRTStationOnceImpl.swift in Sources */,
				960A872F2A6D9CFB006874E5 /* BeaconFinderImpl.swift in Sources */,
				96611E2A2A770C8F004B5984 /* CommutingPageViewModelImpl.swift in Sources */,
				96AACDF42A6FEAFF00534E72 /* DepartureArrivalV1View+DepartureArrivalButtonView.swift in Sources */,
				960A872B2A6D9CAE006874E5 /* LocationFinderImpl.swift in Sources */,
				96050EBE2A72BD300011DE7E /* DepartureArrivalViewModel.swift in Sources */,
				960A87312A6D9D8B006874E5 /* NotifyWhenNearMRTStationWithGPSImpl.swift in Sources */,
				96E2472D2A78E67000664689 /* CommutingPageViewModel.swift in Sources */,
				9655E9572A7AF1E800DFB581 /* HostingController.swift in Sources */,
				960A55222A7157CF00F8E9FC /* IsMutedModeImpl.swift in Sources */,
				96BB00EB2A82781F00073134 /* RootRoute.swift in Sources */,
				960A552E2A726D4600F8E9FC /* DepartureArrivalScheduleView.swift in Sources */,
				960A873D2A6D9E97006874E5 /* Alarm.swift in Sources */,
				960A551D2A7146DC00F8E9FC /* PlayStopVibrationAudioInSmartphoneImpl.swift in Sources */,
				960A87462A6D9F7A006874E5 /* Train.swift in Sources */,
				960A55132A70EF1F00F8E9FC /* AlarmManager.swift in Sources */,
				960A59222A6FD7CB000BE611 /* DepartureArrivalV2View.swift in Sources */,
				96E2472F2A78E7AF00664689 /* AlarmViewModel.swift in Sources */,
				960A874F2A6DA67E006874E5 /* AlarmView.swift in Sources */,
				96050ED52A73E2900011DE7E /* Platform.swift in Sources */,
				960A55162A70EFA800F8E9FC /* NotificationManager.swift in Sources */,
				960A59202A6FA82B000BE611 /* Line.swift in Sources */,
				960A551B2A7146AF00F8E9FC /* PlayStopVibrationAudioInSmartphone.swift in Sources */,
				960A873A2A6D9E1E006874E5 /* NotifyWhenNearMRTStationWhenInBackgroundImpl.swift in Sources */,
				960A87192A6D9463006874E5 /* NotifyWhenNearMRTStationAndSpecificMRTStationOnce.swift in Sources */,
				96BB00F32A827D3300073134 /* MRTNavigationCoordinator.swift in Sources */,
				960A872D2A6D9CBC006874E5 /* BeaconBroadcasterImpl.swift in Sources */,
				96BB00E82A82777500073134 /* NavigationRoute.swift in Sources */,
				960A59082A6ED155000BE611 /* MRT.swift in Sources */,
				960A871E2A6D972A006874E5 /* BeaconBroadcaster.swift in Sources */,
				960A55202A7157B000F8E9FC /* IsMutedMode.swift in Sources */,
				96E247312A790D4400664689 /* DepartureArrivalSheetViewModel.swift in Sources */,
				960A87222A6D9838006874E5 /* LocationFinder.swift in Sources */,
				96BB00E62A82770800073134 /* Coordinator.swift in Sources */,
				960A873F2A6D9EB5006874E5 /* AlarmImpl.swift in Sources */,
				96BB00E12A8275A600073134 /* NavigationController.swift in Sources */,
				96BB00FB2A82B1CB00073134 /* DepartureArrivalScheduleViewModel.swift in Sources */,
				96BB00E32A8276E800073134 /* RootCoordinator.swift in Sources */,
				960A87482A6DA043006874E5 /* MRTTrainScheduleImpl.swift in Sources */,
				96AACDE92A6FE8CD00534E72 /* DepartureArrivalV2View+DepartureV2View.swift in Sources */,
				960A87142A6D9147006874E5 /* NotifyWhenNearMRTStationOnce.swift in Sources */,
				960A87272A6D9C70006874E5 /* NotificatinImpl.swift in Sources */,
				96050EBC2A72B2F70011DE7E /* Either+PrimitiveButtonStyle.swift in Sources */,
				960A87072A6D8E88006874E5 /* Station.swift in Sources */,
			);
			runOnlyForDeploymentPostprocessing = 0;
		};
/* End PBXSourcesBuildPhase section */

/* Begin PBXVariantGroup section */
		960A59122A6ED706000BE611 /* Localizable.strings */ = {
			isa = PBXVariantGroup;
			children = (
				960A59132A6ED731000BE611 /* id */,
			);
			name = Localizable.strings;
			sourceTree = "<group>";
		};
/* End PBXVariantGroup section */

/* Begin XCBuildConfiguration section */
		9691D4522A6D77E900EE843C /* Debug */ = {
			isa = XCBuildConfiguration;
			buildSettings = {
				ALWAYS_SEARCH_USER_PATHS = NO;
				CLANG_ANALYZER_LOCALIZABILITY_NONLOCALIZED = YES;
				CLANG_ANALYZER_NONNULL = YES;
				CLANG_ANALYZER_NUMBER_OBJECT_CONVERSION = YES_AGGRESSIVE;
				CLANG_CXX_LANGUAGE_STANDARD = "gnu++20";
				CLANG_ENABLE_MODULES = YES;
				CLANG_ENABLE_OBJC_ARC = YES;
				CLANG_ENABLE_OBJC_WEAK = YES;
				CLANG_WARN_BLOCK_CAPTURE_AUTORELEASING = YES;
				CLANG_WARN_BOOL_CONVERSION = YES;
				CLANG_WARN_COMMA = YES;
				CLANG_WARN_CONSTANT_CONVERSION = YES;
				CLANG_WARN_DEPRECATED_OBJC_IMPLEMENTATIONS = YES;
				CLANG_WARN_DIRECT_OBJC_ISA_USAGE = YES_ERROR;
				CLANG_WARN_DOCUMENTATION_COMMENTS = YES;
				CLANG_WARN_EMPTY_BODY = YES;
				CLANG_WARN_ENUM_CONVERSION = YES;
				CLANG_WARN_INFINITE_RECURSION = YES;
				CLANG_WARN_INT_CONVERSION = YES;
				CLANG_WARN_NON_LITERAL_NULL_CONVERSION = YES;
				CLANG_WARN_OBJC_IMPLICIT_RETAIN_SELF = YES;
				CLANG_WARN_OBJC_LITERAL_CONVERSION = YES;
				CLANG_WARN_OBJC_ROOT_CLASS = YES_ERROR;
				CLANG_WARN_QUOTED_INCLUDE_IN_FRAMEWORK_HEADER = YES;
				CLANG_WARN_RANGE_LOOP_ANALYSIS = YES;
				CLANG_WARN_STRICT_PROTOTYPES = YES;
				CLANG_WARN_SUSPICIOUS_MOVE = YES;
				CLANG_WARN_UNGUARDED_AVAILABILITY = YES_AGGRESSIVE;
				CLANG_WARN_UNREACHABLE_CODE = YES;
				CLANG_WARN__DUPLICATE_METHOD_MATCH = YES;
				COPY_PHASE_STRIP = NO;
				DEBUG_INFORMATION_FORMAT = dwarf;
				ENABLE_STRICT_OBJC_MSGSEND = YES;
				ENABLE_TESTABILITY = YES;
				GCC_C_LANGUAGE_STANDARD = gnu11;
				GCC_DYNAMIC_NO_PIC = NO;
				GCC_NO_COMMON_BLOCKS = YES;
				GCC_OPTIMIZATION_LEVEL = 0;
				GCC_PREPROCESSOR_DEFINITIONS = (
					"DEBUG=1",
					"$(inherited)",
				);
				GCC_WARN_64_TO_32_BIT_CONVERSION = YES;
				GCC_WARN_ABOUT_RETURN_TYPE = YES_ERROR;
				GCC_WARN_UNDECLARED_SELECTOR = YES;
				GCC_WARN_UNINITIALIZED_AUTOS = YES_AGGRESSIVE;
				GCC_WARN_UNUSED_FUNCTION = YES;
				GCC_WARN_UNUSED_VARIABLE = YES;
				IPHONEOS_DEPLOYMENT_TARGET = 16.4;
				MTL_ENABLE_DEBUG_INFO = INCLUDE_SOURCE;
				MTL_FAST_MATH = YES;
				ONLY_ACTIVE_ARCH = YES;
				SDKROOT = iphoneos;
				SWIFT_ACTIVE_COMPILATION_CONDITIONS = DEBUG;
				SWIFT_OPTIMIZATION_LEVEL = "-Onone";
			};
			name = Debug;
		};
		9691D4532A6D77E900EE843C /* Release */ = {
			isa = XCBuildConfiguration;
			buildSettings = {
				ALWAYS_SEARCH_USER_PATHS = NO;
				CLANG_ANALYZER_LOCALIZABILITY_NONLOCALIZED = YES;
				CLANG_ANALYZER_NONNULL = YES;
				CLANG_ANALYZER_NUMBER_OBJECT_CONVERSION = YES_AGGRESSIVE;
				CLANG_CXX_LANGUAGE_STANDARD = "gnu++20";
				CLANG_ENABLE_MODULES = YES;
				CLANG_ENABLE_OBJC_ARC = YES;
				CLANG_ENABLE_OBJC_WEAK = YES;
				CLANG_WARN_BLOCK_CAPTURE_AUTORELEASING = YES;
				CLANG_WARN_BOOL_CONVERSION = YES;
				CLANG_WARN_COMMA = YES;
				CLANG_WARN_CONSTANT_CONVERSION = YES;
				CLANG_WARN_DEPRECATED_OBJC_IMPLEMENTATIONS = YES;
				CLANG_WARN_DIRECT_OBJC_ISA_USAGE = YES_ERROR;
				CLANG_WARN_DOCUMENTATION_COMMENTS = YES;
				CLANG_WARN_EMPTY_BODY = YES;
				CLANG_WARN_ENUM_CONVERSION = YES;
				CLANG_WARN_INFINITE_RECURSION = YES;
				CLANG_WARN_INT_CONVERSION = YES;
				CLANG_WARN_NON_LITERAL_NULL_CONVERSION = YES;
				CLANG_WARN_OBJC_IMPLICIT_RETAIN_SELF = YES;
				CLANG_WARN_OBJC_LITERAL_CONVERSION = YES;
				CLANG_WARN_OBJC_ROOT_CLASS = YES_ERROR;
				CLANG_WARN_QUOTED_INCLUDE_IN_FRAMEWORK_HEADER = YES;
				CLANG_WARN_RANGE_LOOP_ANALYSIS = YES;
				CLANG_WARN_STRICT_PROTOTYPES = YES;
				CLANG_WARN_SUSPICIOUS_MOVE = YES;
				CLANG_WARN_UNGUARDED_AVAILABILITY = YES_AGGRESSIVE;
				CLANG_WARN_UNREACHABLE_CODE = YES;
				CLANG_WARN__DUPLICATE_METHOD_MATCH = YES;
				COPY_PHASE_STRIP = NO;
				DEBUG_INFORMATION_FORMAT = "dwarf-with-dsym";
				ENABLE_NS_ASSERTIONS = NO;
				ENABLE_STRICT_OBJC_MSGSEND = YES;
				GCC_C_LANGUAGE_STANDARD = gnu11;
				GCC_NO_COMMON_BLOCKS = YES;
				GCC_WARN_64_TO_32_BIT_CONVERSION = YES;
				GCC_WARN_ABOUT_RETURN_TYPE = YES_ERROR;
				GCC_WARN_UNDECLARED_SELECTOR = YES;
				GCC_WARN_UNINITIALIZED_AUTOS = YES_AGGRESSIVE;
				GCC_WARN_UNUSED_FUNCTION = YES;
				GCC_WARN_UNUSED_VARIABLE = YES;
				IPHONEOS_DEPLOYMENT_TARGET = 16.4;
				MTL_ENABLE_DEBUG_INFO = NO;
				MTL_FAST_MATH = YES;
				SDKROOT = iphoneos;
				SWIFT_COMPILATION_MODE = wholemodule;
				SWIFT_OPTIMIZATION_LEVEL = "-O";
				VALIDATE_PRODUCT = YES;
			};
			name = Release;
		};
		9691D4552A6D77E900EE843C /* Debug */ = {
			isa = XCBuildConfiguration;
			buildSettings = {
				ASSETCATALOG_COMPILER_APPICON_NAME = AppIcon;
				ASSETCATALOG_COMPILER_GLOBAL_ACCENT_COLOR_NAME = AccentColor;
				CODE_SIGN_STYLE = Automatic;
				CURRENT_PROJECT_VERSION = 1;
				DEVELOPMENT_ASSET_PATHS = "\"ProtocolExample/Preview Content\"";
				DEVELOPMENT_TEAM = G85YYYKRLS;
				ENABLE_PREVIEWS = YES;
				GENERATE_INFOPLIST_FILE = YES;
				INFOPLIST_FILE = ProtocolExample/Info.plist;
				INFOPLIST_KEY_UIApplicationSupportsIndirectInputEvents = YES;
				INFOPLIST_KEY_UILaunchScreen_Generation = YES;
				INFOPLIST_KEY_UISupportedInterfaceOrientations_iPad = "UIInterfaceOrientationPortrait UIInterfaceOrientationPortraitUpsideDown UIInterfaceOrientationLandscapeLeft UIInterfaceOrientationLandscapeRight";
				INFOPLIST_KEY_UISupportedInterfaceOrientations_iPhone = "UIInterfaceOrientationPortrait UIInterfaceOrientationLandscapeLeft UIInterfaceOrientationLandscapeRight";
				LD_RUNPATH_SEARCH_PATHS = (
					"$(inherited)",
					"@executable_path/Frameworks",
				);
				MARKETING_VERSION = 1.0;
				PRODUCT_BUNDLE_IDENTIFIER = com.example.ProtocolExample;
				PRODUCT_NAME = "$(TARGET_NAME)";
				SUPPORTED_PLATFORMS = "iphoneos iphonesimulator";
				SUPPORTS_MACCATALYST = NO;
				SUPPORTS_MAC_DESIGNED_FOR_IPHONE_IPAD = NO;
				SWIFT_EMIT_LOC_STRINGS = YES;
				SWIFT_VERSION = 5.0;
				TARGETED_DEVICE_FAMILY = "1,2";
			};
			name = Debug;
		};
		9691D4562A6D77E900EE843C /* Release */ = {
			isa = XCBuildConfiguration;
			buildSettings = {
				ASSETCATALOG_COMPILER_APPICON_NAME = AppIcon;
				ASSETCATALOG_COMPILER_GLOBAL_ACCENT_COLOR_NAME = AccentColor;
				CODE_SIGN_STYLE = Automatic;
				CURRENT_PROJECT_VERSION = 1;
				DEVELOPMENT_ASSET_PATHS = "\"ProtocolExample/Preview Content\"";
				DEVELOPMENT_TEAM = G85YYYKRLS;
				ENABLE_PREVIEWS = YES;
				GENERATE_INFOPLIST_FILE = YES;
				INFOPLIST_FILE = ProtocolExample/Info.plist;
				INFOPLIST_KEY_UIApplicationSupportsIndirectInputEvents = YES;
				INFOPLIST_KEY_UILaunchScreen_Generation = YES;
				INFOPLIST_KEY_UISupportedInterfaceOrientations_iPad = "UIInterfaceOrientationPortrait UIInterfaceOrientationPortraitUpsideDown UIInterfaceOrientationLandscapeLeft UIInterfaceOrientationLandscapeRight";
				INFOPLIST_KEY_UISupportedInterfaceOrientations_iPhone = "UIInterfaceOrientationPortrait UIInterfaceOrientationLandscapeLeft UIInterfaceOrientationLandscapeRight";
				LD_RUNPATH_SEARCH_PATHS = (
					"$(inherited)",
					"@executable_path/Frameworks",
				);
				MARKETING_VERSION = 1.0;
				PRODUCT_BUNDLE_IDENTIFIER = com.example.ProtocolExample;
				PRODUCT_NAME = "$(TARGET_NAME)";
				SUPPORTED_PLATFORMS = "iphoneos iphonesimulator";
				SUPPORTS_MACCATALYST = NO;
				SUPPORTS_MAC_DESIGNED_FOR_IPHONE_IPAD = NO;
				SWIFT_EMIT_LOC_STRINGS = YES;
				SWIFT_VERSION = 5.0;
				TARGETED_DEVICE_FAMILY = "1,2";
			};
			name = Release;
		};
/* End XCBuildConfiguration section */

/* Begin XCConfigurationList section */
		9691D4412A6D77E800EE843C /* Build configuration list for PBXProject "ProtocolExample" */ = {
			isa = XCConfigurationList;
			buildConfigurations = (
				9691D4522A6D77E900EE843C /* Debug */,
				9691D4532A6D77E900EE843C /* Release */,
			);
			defaultConfigurationIsVisible = 0;
			defaultConfigurationName = Release;
		};
		9691D4542A6D77E900EE843C /* Build configuration list for PBXNativeTarget "ProtocolExample" */ = {
			isa = XCConfigurationList;
			buildConfigurations = (
				9691D4552A6D77E900EE843C /* Debug */,
				9691D4562A6D77E900EE843C /* Release */,
			);
			defaultConfigurationIsVisible = 0;
			defaultConfigurationName = Release;
		};
/* End XCConfigurationList section */
	};
	rootObject = 9691D43E2A6D77E800EE843C /* Project object */;
}
